// !$*UTF8*$!
{
	archiveVersion = 1;
	classes = {
	};
	objectVersion = 46;
	objects = {

/* Begin PBXBuildFile section */
		846C5A8A15CC935700CCED97 /* UIKit.framework in Frameworks */ = {isa = PBXBuildFile; fileRef = 846C5A8915CC935700CCED97 /* UIKit.framework */; };
		846C5A8C15CC935700CCED97 /* Foundation.framework in Frameworks */ = {isa = PBXBuildFile; fileRef = 846C5A8B15CC935700CCED97 /* Foundation.framework */; };
		846C5A8E15CC935700CCED97 /* CoreGraphics.framework in Frameworks */ = {isa = PBXBuildFile; fileRef = 846C5A8D15CC935700CCED97 /* CoreGraphics.framework */; };
		846C5A9015CC935700CCED97 /* CoreData.framework in Frameworks */ = {isa = PBXBuildFile; fileRef = 846C5A8F15CC935700CCED97 /* CoreData.framework */; };
		846C5A9615CC935700CCED97 /* InfoPlist.strings in Resources */ = {isa = PBXBuildFile; fileRef = 846C5A9415CC935700CCED97 /* InfoPlist.strings */; };
		846C5A9815CC935700CCED97 /* main.m in Sources */ = {isa = PBXBuildFile; fileRef = 846C5A9715CC935700CCED97 /* main.m */; };
		846C5A9C15CC935700CCED97 /* AppDelegate.m in Sources */ = {isa = PBXBuildFile; fileRef = 846C5A9B15CC935700CCED97 /* AppDelegate.m */; };
		846C5A9F15CC935700CCED97 /* testApp.xcdatamodeld in Sources */ = {isa = PBXBuildFile; fileRef = 846C5A9D15CC935700CCED97 /* testApp.xcdatamodeld */; };
		846C5AA715CC935700CCED97 /* SenTestingKit.framework in Frameworks */ = {isa = PBXBuildFile; fileRef = 846C5AA615CC935700CCED97 /* SenTestingKit.framework */; };
		846C5AA815CC935700CCED97 /* UIKit.framework in Frameworks */ = {isa = PBXBuildFile; fileRef = 846C5A8915CC935700CCED97 /* UIKit.framework */; };
		846C5AA915CC935700CCED97 /* Foundation.framework in Frameworks */ = {isa = PBXBuildFile; fileRef = 846C5A8B15CC935700CCED97 /* Foundation.framework */; };
		846C5AAA15CC935700CCED97 /* CoreData.framework in Frameworks */ = {isa = PBXBuildFile; fileRef = 846C5A8F15CC935700CCED97 /* CoreData.framework */; };
		846C5AB215CC935700CCED97 /* InfoPlist.strings in Resources */ = {isa = PBXBuildFile; fileRef = 846C5AB015CC935700CCED97 /* InfoPlist.strings */; };
		846C5AB515CC935700CCED97 /* testAppTests.m in Sources */ = {isa = PBXBuildFile; fileRef = 846C5AB415CC935700CCED97 /* testAppTests.m */; };
/* End PBXBuildFile section */

/* Begin PBXContainerItemProxy section */
		846C5AAB15CC935700CCED97 /* PBXContainerItemProxy */ = {
			isa = PBXContainerItemProxy;
			containerPortal = 846C5A7C15CC935700CCED97 /* Project object */;
			proxyType = 1;
			remoteGlobalIDString = 846C5A8415CC935700CCED97;
			remoteInfo = testApp;
		};
/* End PBXContainerItemProxy section */

/* Begin PBXFileReference section */
		846C5A8515CC935700CCED97 /* testApp.app */ = {isa = PBXFileReference; explicitFileType = wrapper.application; includeInIndex = 0; path = testApp.app; sourceTree = BUILT_PRODUCTS_DIR; };
		846C5A8915CC935700CCED97 /* UIKit.framework */ = {isa = PBXFileReference; lastKnownFileType = wrapper.framework; name = UIKit.framework; path = System/Library/Frameworks/UIKit.framework; sourceTree = SDKROOT; };
		846C5A8B15CC935700CCED97 /* Foundation.framework */ = {isa = PBXFileReference; lastKnownFileType = wrapper.framework; name = Foundation.framework; path = System/Library/Frameworks/Foundation.framework; sourceTree = SDKROOT; };
		846C5A8D15CC935700CCED97 /* CoreGraphics.framework */ = {isa = PBXFileReference; lastKnownFileType = wrapper.framework; name = CoreGraphics.framework; path = System/Library/Frameworks/CoreGraphics.framework; sourceTree = SDKROOT; };
		846C5A8F15CC935700CCED97 /* CoreData.framework */ = {isa = PBXFileReference; lastKnownFileType = wrapper.framework; name = CoreData.framework; path = System/Library/Frameworks/CoreData.framework; sourceTree = SDKROOT; };
		846C5A9315CC935700CCED97 /* testApp-Info.plist */ = {isa = PBXFileReference; lastKnownFileType = text.plist.xml; path = "testApp-Info.plist"; sourceTree = "<group>"; };
		846C5A9515CC935700CCED97 /* en */ = {isa = PBXFileReference; lastKnownFileType = text.plist.strings; name = en; path = en.lproj/InfoPlist.strings; sourceTree = "<group>"; };
		846C5A9715CC935700CCED97 /* main.m */ = {isa = PBXFileReference; lastKnownFileType = sourcecode.c.objc; path = main.m; sourceTree = "<group>"; };
		846C5A9915CC935700CCED97 /* testApp-Prefix.pch */ = {isa = PBXFileReference; lastKnownFileType = sourcecode.c.h; path = "testApp-Prefix.pch"; sourceTree = "<group>"; };
		846C5A9A15CC935700CCED97 /* AppDelegate.h */ = {isa = PBXFileReference; lastKnownFileType = sourcecode.c.h; path = AppDelegate.h; sourceTree = "<group>"; };
		846C5A9B15CC935700CCED97 /* AppDelegate.m */ = {isa = PBXFileReference; lastKnownFileType = sourcecode.c.objc; path = AppDelegate.m; sourceTree = "<group>"; };
		846C5A9E15CC935700CCED97 /* testApp.xcdatamodel */ = {isa = PBXFileReference; lastKnownFileType = wrapper.xcdatamodel; path = testApp.xcdatamodel; sourceTree = "<group>"; };
		846C5AA515CC935700CCED97 /* testAppTests.octest */ = {isa = PBXFileReference; explicitFileType = wrapper.cfbundle; includeInIndex = 0; path = testAppTests.octest; sourceTree = BUILT_PRODUCTS_DIR; };
		846C5AA615CC935700CCED97 /* SenTestingKit.framework */ = {isa = PBXFileReference; lastKnownFileType = wrapper.framework; name = SenTestingKit.framework; path = Library/Frameworks/SenTestingKit.framework; sourceTree = DEVELOPER_DIR; };
		846C5AAF15CC935700CCED97 /* testAppTests-Info.plist */ = {isa = PBXFileReference; lastKnownFileType = text.plist.xml; path = "testAppTests-Info.plist"; sourceTree = "<group>"; };
		846C5AB115CC935700CCED97 /* en */ = {isa = PBXFileReference; lastKnownFileType = text.plist.strings; name = en; path = en.lproj/InfoPlist.strings; sourceTree = "<group>"; };
		846C5AB315CC935700CCED97 /* testAppTests.h */ = {isa = PBXFileReference; lastKnownFileType = sourcecode.c.h; path = testAppTests.h; sourceTree = "<group>"; };
		846C5AB415CC935700CCED97 /* testAppTests.m */ = {isa = PBXFileReference; lastKnownFileType = sourcecode.c.objc; path = testAppTests.m; sourceTree = "<group>"; };
/* End PBXFileReference section */

/* Begin PBXFrameworksBuildPhase section */
		846C5A8215CC935700CCED97 /* Frameworks */ = {
			isa = PBXFrameworksBuildPhase;
			buildActionMask = 2147483647;
			files = (
				846C5A8A15CC935700CCED97 /* UIKit.framework in Frameworks */,
				846C5A8C15CC935700CCED97 /* Foundation.framework in Frameworks */,
				846C5A8E15CC935700CCED97 /* CoreGraphics.framework in Frameworks */,
				846C5A9015CC935700CCED97 /* CoreData.framework in Frameworks */,
			);
			runOnlyForDeploymentPostprocessing = 0;
		};
		846C5AA115CC935700CCED97 /* Frameworks */ = {
			isa = PBXFrameworksBuildPhase;
			buildActionMask = 2147483647;
			files = (
				846C5AA715CC935700CCED97 /* SenTestingKit.framework in Frameworks */,
				846C5AA815CC935700CCED97 /* UIKit.framework in Frameworks */,
				846C5AA915CC935700CCED97 /* Foundation.framework in Frameworks */,
				846C5AAA15CC935700CCED97 /* CoreData.framework in Frameworks */,
			);
			runOnlyForDeploymentPostprocessing = 0;
		};
/* End PBXFrameworksBuildPhase section */

/* Begin PBXGroup section */
		846C5A7A15CC935700CCED97 = {
			isa = PBXGroup;
			children = (
				846C5A9115CC935700CCED97 /* testApp */,
				846C5AAD15CC935700CCED97 /* testAppTests */,
				846C5A8815CC935700CCED97 /* Frameworks */,
				846C5A8615CC935700CCED97 /* Products */,
			);
			sourceTree = "<group>";
		};
		846C5A8615CC935700CCED97 /* Products */ = {
			isa = PBXGroup;
			children = (
				846C5A8515CC935700CCED97 /* testApp.app */,
				846C5AA515CC935700CCED97 /* testAppTests.octest */,
			);
			name = Products;
			sourceTree = "<group>";
		};
		846C5A8815CC935700CCED97 /* Frameworks */ = {
			isa = PBXGroup;
			children = (
				846C5A8915CC935700CCED97 /* UIKit.framework */,
				846C5A8B15CC935700CCED97 /* Foundation.framework */,
				846C5A8D15CC935700CCED97 /* CoreGraphics.framework */,
				846C5A8F15CC935700CCED97 /* CoreData.framework */,
				846C5AA615CC935700CCED97 /* SenTestingKit.framework */,
			);
			name = Frameworks;
			sourceTree = "<group>";
		};
		846C5A9115CC935700CCED97 /* testApp */ = {
			isa = PBXGroup;
			children = (
				846C5A9A15CC935700CCED97 /* AppDelegate.h */,
				846C5A9B15CC935700CCED97 /* AppDelegate.m */,
				846C5A9D15CC935700CCED97 /* testApp.xcdatamodeld */,
				846C5A9215CC935700CCED97 /* Supporting Files */,
			);
			path = testApp;
			sourceTree = "<group>";
		};
		846C5A9215CC935700CCED97 /* Supporting Files */ = {
			isa = PBXGroup;
			children = (
				846C5A9315CC935700CCED97 /* testApp-Info.plist */,
				846C5A9415CC935700CCED97 /* InfoPlist.strings */,
				846C5A9715CC935700CCED97 /* main.m */,
				846C5A9915CC935700CCED97 /* testApp-Prefix.pch */,
			);
			name = "Supporting Files";
			sourceTree = "<group>";
		};
		846C5AAD15CC935700CCED97 /* testAppTests */ = {
			isa = PBXGroup;
			children = (
				846C5AB315CC935700CCED97 /* testAppTests.h */,
				846C5AB415CC935700CCED97 /* testAppTests.m */,
				846C5AAE15CC935700CCED97 /* Supporting Files */,
			);
			path = testAppTests;
			sourceTree = "<group>";
		};
		846C5AAE15CC935700CCED97 /* Supporting Files */ = {
			isa = PBXGroup;
			children = (
				846C5AAF15CC935700CCED97 /* testAppTests-Info.plist */,
				846C5AB015CC935700CCED97 /* InfoPlist.strings */,
			);
			name = "Supporting Files";
			sourceTree = "<group>";
		};
/* End PBXGroup section */

/* Begin PBXNativeTarget section */
		846C5A8415CC935700CCED97 /* testApp */ = {
			isa = PBXNativeTarget;
			buildConfigurationList = 846C5AB815CC935700CCED97 /* Build configuration list for PBXNativeTarget "testApp" */;
			buildPhases = (
				846C5A8115CC935700CCED97 /* Sources */,
				846C5A8215CC935700CCED97 /* Frameworks */,
				846C5A8315CC935700CCED97 /* Resources */,
			);
			buildRules = (
			);
			dependencies = (
			);
			name = testApp;
			productName = testApp;
			productReference = 846C5A8515CC935700CCED97 /* testApp.app */;
			productType = "com.apple.product-type.application";
		};
		846C5AA415CC935700CCED97 /* testAppTests */ = {
			isa = PBXNativeTarget;
			buildConfigurationList = 846C5ABB15CC935700CCED97 /* Build configuration list for PBXNativeTarget "testAppTests" */;
			buildPhases = (
				846C5AA015CC935700CCED97 /* Sources */,
				846C5AA115CC935700CCED97 /* Frameworks */,
				846C5AA215CC935700CCED97 /* Resources */,
				846C5AA315CC935700CCED97 /* ShellScript */,
			);
			buildRules = (
			);
			dependencies = (
				846C5AAC15CC935700CCED97 /* PBXTargetDependency */,
			);
			name = testAppTests;
			productName = testAppTests;
			productReference = 846C5AA515CC935700CCED97 /* testAppTests.octest */;
			productType = "com.apple.product-type.bundle";
		};
/* End PBXNativeTarget section */

/* Begin PBXProject section */
		846C5A7C15CC935700CCED97 /* Project object */ = {
			isa = PBXProject;
			attributes = {
				LastUpgradeCheck = 0430;
				ORGANIZATIONNAME = "Pure Light Designs";
			};
			buildConfigurationList = 846C5A7F15CC935700CCED97 /* Build configuration list for PBXProject "testApp" */;
			compatibilityVersion = "Xcode 3.2";
			developmentRegion = English;
			hasScannedForEncodings = 0;
			knownRegions = (
				en,
			);
			mainGroup = 846C5A7A15CC935700CCED97;
			productRefGroup = 846C5A8615CC935700CCED97 /* Products */;
			projectDirPath = "";
			projectRoot = "";
			targets = (
				846C5A8415CC935700CCED97 /* testApp */,
				846C5AA415CC935700CCED97 /* testAppTests */,
			);
		};
/* End PBXProject section */

/* Begin PBXResourcesBuildPhase section */
		846C5A8315CC935700CCED97 /* Resources */ = {
			isa = PBXResourcesBuildPhase;
			buildActionMask = 2147483647;
			files = (
				846C5A9615CC935700CCED97 /* InfoPlist.strings in Resources */,
			);
			runOnlyForDeploymentPostprocessing = 0;
		};
		846C5AA215CC935700CCED97 /* Resources */ = {
			isa = PBXResourcesBuildPhase;
			buildActionMask = 2147483647;
			files = (
				846C5AB215CC935700CCED97 /* InfoPlist.strings in Resources */,
			);
			runOnlyForDeploymentPostprocessing = 0;
		};
/* End PBXResourcesBuildPhase section */

/* Begin PBXShellScriptBuildPhase section */
		846C5AA315CC935700CCED97 /* ShellScript */ = {
			isa = PBXShellScriptBuildPhase;
			buildActionMask = 2147483647;
			files = (
			);
			inputPaths = (
			);
			outputPaths = (
			);
			runOnlyForDeploymentPostprocessing = 0;
			shellPath = /bin/sh;
			shellScript = "# Run the unit tests in this test bundle.\n\"${SYSTEM_DEVELOPER_DIR}/Tools/RunUnitTests\"\n";
		};
/* End PBXShellScriptBuildPhase section */

/* Begin PBXSourcesBuildPhase section */
		846C5A8115CC935700CCED97 /* Sources */ = {
			isa = PBXSourcesBuildPhase;
			buildActionMask = 2147483647;
			files = (
				846C5A9815CC935700CCED97 /* main.m in Sources */,
				846C5A9C15CC935700CCED97 /* AppDelegate.m in Sources */,
				846C5A9F15CC935700CCED97 /* testApp.xcdatamodeld in Sources */,
			);
			runOnlyForDeploymentPostprocessing = 0;
		};
		846C5AA015CC935700CCED97 /* Sources */ = {
			isa = PBXSourcesBuildPhase;
			buildActionMask = 2147483647;
			files = (
				846C5AB515CC935700CCED97 /* testAppTests.m in Sources */,
			);
			runOnlyForDeploymentPostprocessing = 0;
		};
/* End PBXSourcesBuildPhase section */

/* Begin PBXTargetDependency section */
		846C5AAC15CC935700CCED97 /* PBXTargetDependency */ = {
			isa = PBXTargetDependency;
			target = 846C5A8415CC935700CCED97 /* testApp */;
			targetProxy = 846C5AAB15CC935700CCED97 /* PBXContainerItemProxy */;
		};
/* End PBXTargetDependency section */

/* Begin PBXVariantGroup section */
		846C5A9415CC935700CCED97 /* InfoPlist.strings */ = {
			isa = PBXVariantGroup;
			children = (
				846C5A9515CC935700CCED97 /* en */,
			);
			name = InfoPlist.strings;
			sourceTree = "<group>";
		};
		846C5AB015CC935700CCED97 /* InfoPlist.strings */ = {
			isa = PBXVariantGroup;
			children = (
				846C5AB115CC935700CCED97 /* en */,
			);
			name = InfoPlist.strings;
			sourceTree = "<group>";
		};
/* End PBXVariantGroup section */

/* Begin XCBuildConfiguration section */
		846C5AB615CC935700CCED97 /* Debug */ = {
			isa = XCBuildConfiguration;
			buildSettings = {
				ALWAYS_SEARCH_USER_PATHS = NO;
				ARCHS = "$(ARCHS_STANDARD_32_BIT)";
				"CODE_SIGN_IDENTITY[sdk=iphoneos*]" = "iPhone Developer";
				COPY_PHASE_STRIP = NO;
				GCC_C_LANGUAGE_STANDARD = gnu99;
				GCC_DYNAMIC_NO_PIC = NO;
				GCC_OPTIMIZATION_LEVEL = 0;
				GCC_PREPROCESSOR_DEFINITIONS = (
					"DEBUG=1",
					"$(inherited)",
				);
				GCC_SYMBOLS_PRIVATE_EXTERN = NO;
				GCC_VERSION = com.apple.compilers.llvm.clang.1_0;
				GCC_WARN_ABOUT_RETURN_TYPE = YES;
				GCC_WARN_UNINITIALIZED_AUTOS = YES;
				GCC_WARN_UNUSED_VARIABLE = YES;
				IPHONEOS_DEPLOYMENT_TARGET = 5.1;
				SDKROOT = iphoneos;
			};
			name = Debug;
		};
		846C5AB715CC935700CCED97 /* Release */ = {
			isa = XCBuildConfiguration;
			buildSettings = {
				ALWAYS_SEARCH_USER_PATHS = NO;
				ARCHS = "$(ARCHS_STANDARD_32_BIT)";
				"CODE_SIGN_IDENTITY[sdk=iphoneos*]" = "iPhone Developer";
				COPY_PHASE_STRIP = YES;
				GCC_C_LANGUAGE_STANDARD = gnu99;
				GCC_VERSION = com.apple.compilers.llvm.clang.1_0;
				GCC_WARN_ABOUT_RETURN_TYPE = YES;
				GCC_WARN_UNINITIALIZED_AUTOS = YES;
				GCC_WARN_UNUSED_VARIABLE = YES;
				IPHONEOS_DEPLOYMENT_TARGET = 5.1;
				OTHER_CFLAGS = "-DNS_BLOCK_ASSERTIONS=1";
				SDKROOT = iphoneos;
				VALIDATE_PRODUCT = YES;
			};
			name = Release;
		};
		846C5AB915CC935700CCED97 /* Debug */ = {
			isa = XCBuildConfiguration;
			buildSettings = {
				GCC_PRECOMPILE_PREFIX_HEADER = YES;
				GCC_PREFIX_HEADER = "testApp/testApp-Prefix.pch";
				INFOPLIST_FILE = "testApp/testApp-Info.plist";
				PRODUCT_NAME = "$(TARGET_NAME)";
				WRAPPER_EXTENSION = app;
			};
			name = Debug;
		};
		846C5ABA15CC935700CCED97 /* Release */ = {
			isa = XCBuildConfiguration;
			buildSettings = {
				GCC_PRECOMPILE_PREFIX_HEADER = YES;
				GCC_PREFIX_HEADER = "testApp/testApp-Prefix.pch";
				INFOPLIST_FILE = "testApp/testApp-Info.plist";
				PRODUCT_NAME = "$(TARGET_NAME)";
				WRAPPER_EXTENSION = app;
			};
			name = Release;
		};
		846C5ABC15CC935700CCED97 /* Debug */ = {
			isa = XCBuildConfiguration;
			buildSettings = {
				BUNDLE_LOADER = "$(BUILT_PRODUCTS_DIR)/testApp.app/testApp";
				FRAMEWORK_SEARCH_PATHS = (
					"$(SDKROOT)/Developer/Library/Frameworks",
					"$(DEVELOPER_LIBRARY_DIR)/Frameworks",
				);
				GCC_PRECOMPILE_PREFIX_HEADER = YES;
				GCC_PREFIX_HEADER = "testApp/testApp-Prefix.pch";
				INFOPLIST_FILE = "testAppTests/testAppTests-Info.plist";
				PRODUCT_NAME = "$(TARGET_NAME)";
				TEST_HOST = "$(BUNDLE_LOADER)";
				WRAPPER_EXTENSION = octest;
			};
			name = Debug;
		};
		846C5ABD15CC935700CCED97 /* Release */ = {
			isa = XCBuildConfiguration;
			buildSettings = {
				BUNDLE_LOADER = "$(BUILT_PRODUCTS_DIR)/testApp.app/testApp";
				FRAMEWORK_SEARCH_PATHS = (
					"$(SDKROOT)/Developer/Library/Frameworks",
					"$(DEVELOPER_LIBRARY_DIR)/Frameworks",
				);
				GCC_PRECOMPILE_PREFIX_HEADER = YES;
				GCC_PREFIX_HEADER = "testApp/testApp-Prefix.pch";
				INFOPLIST_FILE = "testAppTests/testAppTests-Info.plist";
				PRODUCT_NAME = "$(TARGET_NAME)";
				TEST_HOST = "$(BUNDLE_LOADER)";
				WRAPPER_EXTENSION = octest;
			};
			name = Release;
		};
/* End XCBuildConfiguration section */

/* Begin XCConfigurationList section */
		846C5A7F15CC935700CCED97 /* Build configuration list for PBXProject "testApp" */ = {
			isa = XCConfigurationList;
			buildConfigurations = (
				846C5AB615CC935700CCED97 /* Debug */,
				846C5AB715CC935700CCED97 /* Release */,
			);
			defaultConfigurationIsVisible = 0;
			defaultConfigurationName = Release;
		};
		846C5AB815CC935700CCED97 /* Build configuration list for PBXNativeTarget "testApp" */ = {
			isa = XCConfigurationList;
			buildConfigurations = (
				846C5AB915CC935700CCED97 /* Debug */,
				846C5ABA15CC935700CCED97 /* Release */,
			);
			defaultConfigurationIsVisible = 0;
		};
		846C5ABB15CC935700CCED97 /* Build configuration list for PBXNativeTarget "testAppTests" */ = {
			isa = XCConfigurationList;
			buildConfigurations = (
				846C5ABC15CC935700CCED97 /* Debug */,
				846C5ABD15CC935700CCED97 /* Release */,
			);
			defaultConfigurationIsVisible = 0;
		};
/* End XCConfigurationList section */

/* Begin XCVersionGroup section */
		846C5A9D15CC935700CCED97 /* testApp.xcdatamodeld */ = {
			isa = XCVersionGroup;
			children = (
				846C5A9E15CC935700CCED97 /* testApp.xcdatamodel */,
			);
			currentVersion = 846C5A9E15CC935700CCED97 /* testApp.xcdatamodel */;
			path = testApp.xcdatamodeld;
			sourceTree = "<group>";
			versionGroupType = wrapper.xcdatamodel;
		};
/* End XCVersionGroup section */
	};
	rootObject = 846C5A7C15CC935700CCED97 /* Project object */;
}
