// !$*UTF8*$!
{
	archiveVersion = 1;
	classes = {
	};
	objectVersion = 46;
	objects = {

/* Begin PBXBuildFile section */
		84D1882C161D1AAE00C5F2C4 /* UIKit.framework in Frameworks */ = {isa = PBXBuildFile; fileRef = 84D1882B161D1AAE00C5F2C4 /* UIKit.framework */; };
		84D1882E161D1AAE00C5F2C4 /* Foundation.framework in Frameworks */ = {isa = PBXBuildFile; fileRef = 84D1882D161D1AAE00C5F2C4 /* Foundation.framework */; };
		84D18830161D1AAE00C5F2C4 /* CoreGraphics.framework in Frameworks */ = {isa = PBXBuildFile; fileRef = 84D1882F161D1AAE00C5F2C4 /* CoreGraphics.framework */; };
		84D18836161D1AAE00C5F2C4 /* InfoPlist.strings in Resources */ = {isa = PBXBuildFile; fileRef = 84D18834161D1AAE00C5F2C4 /* InfoPlist.strings */; };
		84D18838161D1AAE00C5F2C4 /* main.m in Sources */ = {isa = PBXBuildFile; fileRef = 84D18837161D1AAE00C5F2C4 /* main.m */; };
		84D1883C161D1AAE00C5F2C4 /* AppDelegate.m in Sources */ = {isa = PBXBuildFile; fileRef = 84D1883B161D1AAE00C5F2C4 /* AppDelegate.m */; };
		84D1883E161D1AAE00C5F2C4 /* Default.png in Resources */ = {isa = PBXBuildFile; fileRef = 84D1883D161D1AAE00C5F2C4 /* Default.png */; };
		84D18840161D1AAE00C5F2C4 /* Default@2x.png in Resources */ = {isa = PBXBuildFile; fileRef = 84D1883F161D1AAE00C5F2C4 /* Default@2x.png */; };
		84D18842161D1AAE00C5F2C4 /* Default-568h@2x.png in Resources */ = {isa = PBXBuildFile; fileRef = 84D18841161D1AAE00C5F2C4 /* Default-568h@2x.png */; };
		84D18845161D1AAE00C5F2C4 /* ViewController.m in Sources */ = {isa = PBXBuildFile; fileRef = 84D18844161D1AAE00C5F2C4 /* ViewController.m */; };
		84D18848161D1AAE00C5F2C4 /* ViewController.xib in Resources */ = {isa = PBXBuildFile; fileRef = 84D18846161D1AAE00C5F2C4 /* ViewController.xib */; };
		84D1884F161D1CFD00C5F2C4 /* SecondView.xib in Resources */ = {isa = PBXBuildFile; fileRef = 84D1884E161D1CFD00C5F2C4 /* SecondView.xib */; };
		84D18856161D1DE800C5F2C4 /* SecondViewController.m in Sources */ = {isa = PBXBuildFile; fileRef = 84D18855161D1DE800C5F2C4 /* SecondViewController.m */; };
/* End PBXBuildFile section */

/* Begin PBXFileReference section */
		84D18827161D1AAE00C5F2C4 /* weekTwo.app */ = {isa = PBXFileReference; explicitFileType = wrapper.application; includeInIndex = 0; path = weekTwo.app; sourceTree = BUILT_PRODUCTS_DIR; };
		84D1882B161D1AAE00C5F2C4 /* UIKit.framework */ = {isa = PBXFileReference; lastKnownFileType = wrapper.framework; name = UIKit.framework; path = System/Library/Frameworks/UIKit.framework; sourceTree = SDKROOT; };
		84D1882D161D1AAE00C5F2C4 /* Foundation.framework */ = {isa = PBXFileReference; lastKnownFileType = wrapper.framework; name = Foundation.framework; path = System/Library/Frameworks/Foundation.framework; sourceTree = SDKROOT; };
		84D1882F161D1AAE00C5F2C4 /* CoreGraphics.framework */ = {isa = PBXFileReference; lastKnownFileType = wrapper.framework; name = CoreGraphics.framework; path = System/Library/Frameworks/CoreGraphics.framework; sourceTree = SDKROOT; };
		84D18833161D1AAE00C5F2C4 /* weekTwo-Info.plist */ = {isa = PBXFileReference; lastKnownFileType = text.plist.xml; path = "weekTwo-Info.plist"; sourceTree = "<group>"; };
		84D18835161D1AAE00C5F2C4 /* en */ = {isa = PBXFileReference; lastKnownFileType = text.plist.strings; name = en; path = en.lproj/InfoPlist.strings; sourceTree = "<group>"; };
		84D18837161D1AAE00C5F2C4 /* main.m */ = {isa = PBXFileReference; lastKnownFileType = sourcecode.c.objc; path = main.m; sourceTree = "<group>"; };
		84D18839161D1AAE00C5F2C4 /* weekTwo-Prefix.pch */ = {isa = PBXFileReference; lastKnownFileType = sourcecode.c.h; path = "weekTwo-Prefix.pch"; sourceTree = "<group>"; };
		84D1883A161D1AAE00C5F2C4 /* AppDelegate.h */ = {isa = PBXFileReference; lastKnownFileType = sourcecode.c.h; path = AppDelegate.h; sourceTree = "<group>"; };
		84D1883B161D1AAE00C5F2C4 /* AppDelegate.m */ = {isa = PBXFileReference; lastKnownFileType = sourcecode.c.objc; path = AppDelegate.m; sourceTree = "<group>"; };
		84D1883D161D1AAE00C5F2C4 /* Default.png */ = {isa = PBXFileReference; lastKnownFileType = image.png; path = Default.png; sourceTree = "<group>"; };
		84D1883F161D1AAE00C5F2C4 /* Default@2x.png */ = {isa = PBXFileReference; lastKnownFileType = image.png; path = "Default@2x.png"; sourceTree = "<group>"; };
		84D18841161D1AAE00C5F2C4 /* Default-568h@2x.png */ = {isa = PBXFileReference; lastKnownFileType = image.png; path = "Default-568h@2x.png"; sourceTree = "<group>"; };
		84D18843161D1AAE00C5F2C4 /* ViewController.h */ = {isa = PBXFileReference; lastKnownFileType = sourcecode.c.h; path = ViewController.h; sourceTree = "<group>"; };
		84D18844161D1AAE00C5F2C4 /* ViewController.m */ = {isa = PBXFileReference; lastKnownFileType = sourcecode.c.objc; path = ViewController.m; sourceTree = "<group>"; };
		84D18847161D1AAE00C5F2C4 /* en */ = {isa = PBXFileReference; lastKnownFileType = file.xib; name = en; path = en.lproj/ViewController.xib; sourceTree = "<group>"; };
		84D1884E161D1CFD00C5F2C4 /* SecondView.xib */ = {isa = PBXFileReference; fileEncoding = 4; lastKnownFileType = file.xib; path = SecondView.xib; sourceTree = "<group>"; };
		84D18854161D1DE800C5F2C4 /* SecondViewController.h */ = {isa = PBXFileReference; fileEncoding = 4; lastKnownFileType = sourcecode.c.h; path = SecondViewController.h; sourceTree = "<group>"; };
		84D18855161D1DE800C5F2C4 /* SecondViewController.m */ = {isa = PBXFileReference; fileEncoding = 4; lastKnownFileType = sourcecode.c.objc; path = SecondViewController.m; sourceTree = "<group>"; };
/* End PBXFileReference section */

/* Begin PBXFrameworksBuildPhase section */
		84D18824161D1AAE00C5F2C4 /* Frameworks */ = {
			isa = PBXFrameworksBuildPhase;
			buildActionMask = 2147483647;
			files = (
				84D1882C161D1AAE00C5F2C4 /* UIKit.framework in Frameworks */,
				84D1882E161D1AAE00C5F2C4 /* Foundation.framework in Frameworks */,
				84D18830161D1AAE00C5F2C4 /* CoreGraphics.framework in Frameworks */,
			);
			runOnlyForDeploymentPostprocessing = 0;
		};
/* End PBXFrameworksBuildPhase section */

/* Begin PBXGroup section */
		84D1881C161D1AAE00C5F2C4 = {
			isa = PBXGroup;
			children = (
				84D18831161D1AAE00C5F2C4 /* weekTwo */,
				84D1882A161D1AAE00C5F2C4 /* Frameworks */,
				84D18828161D1AAE00C5F2C4 /* Products */,
			);
			sourceTree = "<group>";
		};
		84D18828161D1AAE00C5F2C4 /* Products */ = {
			isa = PBXGroup;
			children = (
				84D18827161D1AAE00C5F2C4 /* weekTwo.app */,
			);
			name = Products;
			sourceTree = "<group>";
		};
		84D1882A161D1AAE00C5F2C4 /* Frameworks */ = {
			isa = PBXGroup;
			children = (
				84D1882B161D1AAE00C5F2C4 /* UIKit.framework */,
				84D1882D161D1AAE00C5F2C4 /* Foundation.framework */,
				84D1882F161D1AAE00C5F2C4 /* CoreGraphics.framework */,
			);
			name = Frameworks;
			sourceTree = "<group>";
		};
		84D18831161D1AAE00C5F2C4 /* weekTwo */ = {
			isa = PBXGroup;
			children = (
				84D1883A161D1AAE00C5F2C4 /* AppDelegate.h */,
				84D1883B161D1AAE00C5F2C4 /* AppDelegate.m */,
				84D18843161D1AAE00C5F2C4 /* ViewController.h */,
				84D18844161D1AAE00C5F2C4 /* ViewController.m */,
				84D18846161D1AAE00C5F2C4 /* ViewController.xib */,
				84D18832161D1AAE00C5F2C4 /* Supporting Files */,
				84D1884E161D1CFD00C5F2C4 /* SecondView.xib */,
				84D18854161D1DE800C5F2C4 /* SecondViewController.h */,
				84D18855161D1DE800C5F2C4 /* SecondViewController.m */,
			);
			path = weekTwo;
			sourceTree = "<group>";
		};
		84D18832161D1AAE00C5F2C4 /* Supporting Files */ = {
			isa = PBXGroup;
			children = (
				84D18833161D1AAE00C5F2C4 /* weekTwo-Info.plist */,
				84D18834161D1AAE00C5F2C4 /* InfoPlist.strings */,
				84D18837161D1AAE00C5F2C4 /* main.m */,
				84D18839161D1AAE00C5F2C4 /* weekTwo-Prefix.pch */,
				84D1883D161D1AAE00C5F2C4 /* Default.png */,
				84D1883F161D1AAE00C5F2C4 /* Default@2x.png */,
				84D18841161D1AAE00C5F2C4 /* Default-568h@2x.png */,
			);
			name = "Supporting Files";
			sourceTree = "<group>";
		};
/* End PBXGroup section */

/* Begin PBXNativeTarget section */
		84D18826161D1AAE00C5F2C4 /* weekTwo */ = {
			isa = PBXNativeTarget;
			buildConfigurationList = 84D1884B161D1AAE00C5F2C4 /* Build configuration list for PBXNativeTarget "weekTwo" */;
			buildPhases = (
				84D18823161D1AAE00C5F2C4 /* Sources */,
				84D18824161D1AAE00C5F2C4 /* Frameworks */,
				84D18825161D1AAE00C5F2C4 /* Resources */,
			);
			buildRules = (
			);
			dependencies = (
			);
			name = weekTwo;
			productName = weekTwo;
			productReference = 84D18827161D1AAE00C5F2C4 /* weekTwo.app */;
			productType = "com.apple.product-type.application";
		};
/* End PBXNativeTarget section */

/* Begin PBXProject section */
		84D1881E161D1AAE00C5F2C4 /* Project object */ = {
			isa = PBXProject;
			attributes = {
				LastUpgradeCheck = 0450;
				ORGANIZATIONNAME = "Lucy Hutcheson";
			};
			buildConfigurationList = 84D18821161D1AAE00C5F2C4 /* Build configuration list for PBXProject "weekTwo" */;
			compatibilityVersion = "Xcode 3.2";
			developmentRegion = English;
			hasScannedForEncodings = 0;
			knownRegions = (
				en,
			);
			mainGroup = 84D1881C161D1AAE00C5F2C4;
			productRefGroup = 84D18828161D1AAE00C5F2C4 /* Products */;
			projectDirPath = "";
			projectRoot = "";
			targets = (
				84D18826161D1AAE00C5F2C4 /* weekTwo */,
			);
		};
/* End PBXProject section */

/* Begin PBXResourcesBuildPhase section */
		84D18825161D1AAE00C5F2C4 /* Resources */ = {
			isa = PBXResourcesBuildPhase;
			buildActionMask = 2147483647;
			files = (
				84D18836161D1AAE00C5F2C4 /* InfoPlist.strings in Resources */,
				84D1883E161D1AAE00C5F2C4 /* Default.png in Resources */,
				84D18840161D1AAE00C5F2C4 /* Default@2x.png in Resources */,
				84D18842161D1AAE00C5F2C4 /* Default-568h@2x.png in Resources */,
				84D18848161D1AAE00C5F2C4 /* ViewController.xib in Resources */,
				84D1884F161D1CFD00C5F2C4 /* SecondView.xib in Resources */,
			);
			runOnlyForDeploymentPostprocessing = 0;
		};
/* End PBXResourcesBuildPhase section */

/* Begin PBXSourcesBuildPhase section */
		84D18823161D1AAE00C5F2C4 /* Sources */ = {
			isa = PBXSourcesBuildPhase;
			buildActionMask = 2147483647;
			files = (
				84D18838161D1AAE00C5F2C4 /* main.m in Sources */,
				84D1883C161D1AAE00C5F2C4 /* AppDelegate.m in Sources */,
				84D18845161D1AAE00C5F2C4 /* ViewController.m in Sources */,
				84D18856161D1DE800C5F2C4 /* SecondViewController.m in Sources */,
			);
			runOnlyForDeploymentPostprocessing = 0;
		};
/* End PBXSourcesBuildPhase section */

/* Begin PBXVariantGroup section */
		84D18834161D1AAE00C5F2C4 /* InfoPlist.strings */ = {
			isa = PBXVariantGroup;
			children = (
				84D18835161D1AAE00C5F2C4 /* en */,
			);
			name = InfoPlist.strings;
			sourceTree = "<group>";
		};
		84D18846161D1AAE00C5F2C4 /* ViewController.xib */ = {
			isa = PBXVariantGroup;
			children = (
				84D18847161D1AAE00C5F2C4 /* en */,
			);
			name = ViewController.xib;
			sourceTree = "<group>";
		};
/* End PBXVariantGroup section */

/* Begin XCBuildConfiguration section */
		84D18849161D1AAE00C5F2C4 /* Debug */ = {
			isa = XCBuildConfiguration;
			buildSettings = {
				ALWAYS_SEARCH_USER_PATHS = NO;
				CLANG_CXX_LANGUAGE_STANDARD = "gnu++0x";
				CLANG_CXX_LIBRARY = "libc++";
				CLANG_WARN_EMPTY_BODY = YES;
				CLANG_WARN__DUPLICATE_METHOD_MATCH = YES;
				"CODE_SIGN_IDENTITY[sdk=iphoneos*]" = "iPhone Developer";
				COPY_PHASE_STRIP = NO;
				GCC_C_LANGUAGE_STANDARD = gnu99;
				GCC_DYNAMIC_NO_PIC = NO;
				GCC_OPTIMIZATION_LEVEL = 0;
				GCC_PREPROCESSOR_DEFINITIONS = (
					"DEBUG=1",
					"$(inherited)",
				);
				GCC_SYMBOLS_PRIVATE_EXTERN = NO;
				GCC_WARN_ABOUT_RETURN_TYPE = YES;
				GCC_WARN_UNINITIALIZED_AUTOS = YES;
				GCC_WARN_UNUSED_VARIABLE = YES;
				IPHONEOS_DEPLOYMENT_TARGET = 6.0;
				SDKROOT = iphoneos;
			};
			name = Debug;
		};
		84D1884A161D1AAE00C5F2C4 /* Release */ = {
			isa = XCBuildConfiguration;
			buildSettings = {
				ALWAYS_SEARCH_USER_PATHS = NO;
				CLANG_CXX_LANGUAGE_STANDARD = "gnu++0x";
				CLANG_CXX_LIBRARY = "libc++";
				CLANG_WARN_EMPTY_BODY = YES;
				CLANG_WARN__DUPLICATE_METHOD_MATCH = YES;
				"CODE_SIGN_IDENTITY[sdk=iphoneos*]" = "iPhone Developer";
				COPY_PHASE_STRIP = YES;
				GCC_C_LANGUAGE_STANDARD = gnu99;
				GCC_WARN_ABOUT_RETURN_TYPE = YES;
				GCC_WARN_UNINITIALIZED_AUTOS = YES;
				GCC_WARN_UNUSED_VARIABLE = YES;
				IPHONEOS_DEPLOYMENT_TARGET = 6.0;
				OTHER_CFLAGS = "-DNS_BLOCK_ASSERTIONS=1";
				SDKROOT = iphoneos;
				VALIDATE_PRODUCT = YES;
			};
			name = Release;
		};
		84D1884C161D1AAE00C5F2C4 /* Debug */ = {
			isa = XCBuildConfiguration;
			buildSettings = {
				GCC_PRECOMPILE_PREFIX_HEADER = YES;
				GCC_PREFIX_HEADER = "weekTwo/weekTwo-Prefix.pch";
				INFOPLIST_FILE = "weekTwo/weekTwo-Info.plist";
				PRODUCT_NAME = "$(TARGET_NAME)";
				WRAPPER_EXTENSION = app;
			};
			name = Debug;
		};
		84D1884D161D1AAE00C5F2C4 /* Release */ = {
			isa = XCBuildConfiguration;
			buildSettings = {
				GCC_PRECOMPILE_PREFIX_HEADER = YES;
				GCC_PREFIX_HEADER = "weekTwo/weekTwo-Prefix.pch";
				INFOPLIST_FILE = "weekTwo/weekTwo-Info.plist";
				PRODUCT_NAME = "$(TARGET_NAME)";
				WRAPPER_EXTENSION = app;
			};
			name = Release;
		};
/* End XCBuildConfiguration section */

/* Begin XCConfigurationList section */
		84D18821161D1AAE00C5F2C4 /* Build configuration list for PBXProject "weekTwo" */ = {
			isa = XCConfigurationList;
			buildConfigurations = (
				84D18849161D1AAE00C5F2C4 /* Debug */,
				84D1884A161D1AAE00C5F2C4 /* Release */,
			);
			defaultConfigurationIsVisible = 0;
			defaultConfigurationName = Release;
		};
		84D1884B161D1AAE00C5F2C4 /* Build configuration list for PBXNativeTarget "weekTwo" */ = {
			isa = XCConfigurationList;
			buildConfigurations = (
				84D1884C161D1AAE00C5F2C4 /* Debug */,
				84D1884D161D1AAE00C5F2C4 /* Release */,
			);
			defaultConfigurationIsVisible = 0;
		};
/* End XCConfigurationList section */
	};
	rootObject = 84D1881E161D1AAE00C5F2C4 /* Project object */;
}
