// !$*UTF8*$!
{
	archiveVersion = 1;
	classes = {
	};
	objectVersion = 46;
	objects = {

/* Begin PBXBuildFile section */
		84ADA7341613E19C009200B8 /* UIKit.framework in Frameworks */ = {isa = PBXBuildFile; fileRef = 84ADA7331613E19C009200B8 /* UIKit.framework */; };
		84ADA7361613E19C009200B8 /* Foundation.framework in Frameworks */ = {isa = PBXBuildFile; fileRef = 84ADA7351613E19C009200B8 /* Foundation.framework */; };
		84ADA7381613E19C009200B8 /* CoreGraphics.framework in Frameworks */ = {isa = PBXBuildFile; fileRef = 84ADA7371613E19C009200B8 /* CoreGraphics.framework */; };
		84ADA73E1613E19C009200B8 /* InfoPlist.strings in Resources */ = {isa = PBXBuildFile; fileRef = 84ADA73C1613E19C009200B8 /* InfoPlist.strings */; };
		84ADA7401613E19C009200B8 /* main.m in Sources */ = {isa = PBXBuildFile; fileRef = 84ADA73F1613E19C009200B8 /* main.m */; };
		84ADA7441613E19C009200B8 /* AppDelegate.m in Sources */ = {isa = PBXBuildFile; fileRef = 84ADA7431613E19C009200B8 /* AppDelegate.m */; };
		84ADA7471613E19C009200B8 /* ViewController.m in Sources */ = {isa = PBXBuildFile; fileRef = 84ADA7461613E19C009200B8 /* ViewController.m */; };
		84ADA74A1613E19D009200B8 /* ViewController.xib in Resources */ = {isa = PBXBuildFile; fileRef = 84ADA7481613E19D009200B8 /* ViewController.xib */; };
		84ADA7561613E204009200B8 /* BaseRecipe.m in Sources */ = {isa = PBXBuildFile; fileRef = 84ADA7551613E204009200B8 /* BaseRecipe.m */; };
		84ADA7591613E22C009200B8 /* CookieFactory.m in Sources */ = {isa = PBXBuildFile; fileRef = 84ADA7581613E22C009200B8 /* CookieFactory.m */; };
		84ADA7701613E928009200B8 /* ChocolateChip.m in Sources */ = {isa = PBXBuildFile; fileRef = 84ADA76F1613E928009200B8 /* ChocolateChip.m */; };
/* End PBXBuildFile section */

/* Begin PBXFileReference section */
		84ADA72F1613E19C009200B8 /* weekOne.app */ = {isa = PBXFileReference; explicitFileType = wrapper.application; includeInIndex = 0; path = weekOne.app; sourceTree = BUILT_PRODUCTS_DIR; };
		84ADA7331613E19C009200B8 /* UIKit.framework */ = {isa = PBXFileReference; lastKnownFileType = wrapper.framework; name = UIKit.framework; path = System/Library/Frameworks/UIKit.framework; sourceTree = SDKROOT; };
		84ADA7351613E19C009200B8 /* Foundation.framework */ = {isa = PBXFileReference; lastKnownFileType = wrapper.framework; name = Foundation.framework; path = System/Library/Frameworks/Foundation.framework; sourceTree = SDKROOT; };
		84ADA7371613E19C009200B8 /* CoreGraphics.framework */ = {isa = PBXFileReference; lastKnownFileType = wrapper.framework; name = CoreGraphics.framework; path = System/Library/Frameworks/CoreGraphics.framework; sourceTree = SDKROOT; };
		84ADA73B1613E19C009200B8 /* weekOne-Info.plist */ = {isa = PBXFileReference; lastKnownFileType = text.plist.xml; path = "weekOne-Info.plist"; sourceTree = "<group>"; };
		84ADA73D1613E19C009200B8 /* en */ = {isa = PBXFileReference; lastKnownFileType = text.plist.strings; name = en; path = en.lproj/InfoPlist.strings; sourceTree = "<group>"; };
		84ADA73F1613E19C009200B8 /* main.m */ = {isa = PBXFileReference; lastKnownFileType = sourcecode.c.objc; path = main.m; sourceTree = "<group>"; };
		84ADA7411613E19C009200B8 /* weekOne-Prefix.pch */ = {isa = PBXFileReference; lastKnownFileType = sourcecode.c.h; path = "weekOne-Prefix.pch"; sourceTree = "<group>"; };
		84ADA7421613E19C009200B8 /* AppDelegate.h */ = {isa = PBXFileReference; lastKnownFileType = sourcecode.c.h; path = AppDelegate.h; sourceTree = "<group>"; };
		84ADA7431613E19C009200B8 /* AppDelegate.m */ = {isa = PBXFileReference; lastKnownFileType = sourcecode.c.objc; path = AppDelegate.m; sourceTree = "<group>"; };
		84ADA7451613E19C009200B8 /* ViewController.h */ = {isa = PBXFileReference; lastKnownFileType = sourcecode.c.h; path = ViewController.h; sourceTree = "<group>"; };
		84ADA7461613E19C009200B8 /* ViewController.m */ = {isa = PBXFileReference; lastKnownFileType = sourcecode.c.objc; path = ViewController.m; sourceTree = "<group>"; };
		84ADA7491613E19D009200B8 /* en */ = {isa = PBXFileReference; lastKnownFileType = file.xib; name = en; path = en.lproj/ViewController.xib; sourceTree = "<group>"; };
		84ADA7541613E204009200B8 /* BaseRecipe.h */ = {isa = PBXFileReference; fileEncoding = 4; lastKnownFileType = sourcecode.c.h; path = BaseRecipe.h; sourceTree = "<group>"; };
		84ADA7551613E204009200B8 /* BaseRecipe.m */ = {isa = PBXFileReference; fileEncoding = 4; lastKnownFileType = sourcecode.c.objc; path = BaseRecipe.m; sourceTree = "<group>"; };
		84ADA7571613E22C009200B8 /* CookieFactory.h */ = {isa = PBXFileReference; fileEncoding = 4; lastKnownFileType = sourcecode.c.h; path = CookieFactory.h; sourceTree = "<group>"; };
		84ADA7581613E22C009200B8 /* CookieFactory.m */ = {isa = PBXFileReference; fileEncoding = 4; lastKnownFileType = sourcecode.c.objc; path = CookieFactory.m; sourceTree = "<group>"; };
		84ADA76E1613E928009200B8 /* ChocolateChip.h */ = {isa = PBXFileReference; fileEncoding = 4; lastKnownFileType = sourcecode.c.h; path = ChocolateChip.h; sourceTree = "<group>"; };
		84ADA76F1613E928009200B8 /* ChocolateChip.m */ = {isa = PBXFileReference; fileEncoding = 4; lastKnownFileType = sourcecode.c.objc; path = ChocolateChip.m; sourceTree = "<group>"; };
/* End PBXFileReference section */

/* Begin PBXFrameworksBuildPhase section */
		84ADA72C1613E19C009200B8 /* Frameworks */ = {
			isa = PBXFrameworksBuildPhase;
			buildActionMask = 2147483647;
			files = (
				84ADA7341613E19C009200B8 /* UIKit.framework in Frameworks */,
				84ADA7361613E19C009200B8 /* Foundation.framework in Frameworks */,
				84ADA7381613E19C009200B8 /* CoreGraphics.framework in Frameworks */,
			);
			runOnlyForDeploymentPostprocessing = 0;
		};
/* End PBXFrameworksBuildPhase section */

/* Begin PBXGroup section */
		84ADA7241613E19C009200B8 = {
			isa = PBXGroup;
			children = (
				84ADA7391613E19C009200B8 /* weekOne */,
				84ADA7321613E19C009200B8 /* Frameworks */,
				84ADA7301613E19C009200B8 /* Products */,
			);
			sourceTree = "<group>";
		};
		84ADA7301613E19C009200B8 /* Products */ = {
			isa = PBXGroup;
			children = (
				84ADA72F1613E19C009200B8 /* weekOne.app */,
			);
			name = Products;
			sourceTree = "<group>";
		};
		84ADA7321613E19C009200B8 /* Frameworks */ = {
			isa = PBXGroup;
			children = (
				84ADA7331613E19C009200B8 /* UIKit.framework */,
				84ADA7351613E19C009200B8 /* Foundation.framework */,
				84ADA7371613E19C009200B8 /* CoreGraphics.framework */,
			);
			name = Frameworks;
			sourceTree = "<group>";
		};
		84ADA7391613E19C009200B8 /* weekOne */ = {
			isa = PBXGroup;
			children = (
				84ADA7421613E19C009200B8 /* AppDelegate.h */,
				84ADA7431613E19C009200B8 /* AppDelegate.m */,
				84ADA7451613E19C009200B8 /* ViewController.h */,
				84ADA7461613E19C009200B8 /* ViewController.m */,
				84ADA7481613E19D009200B8 /* ViewController.xib */,
				84ADA73A1613E19C009200B8 /* Supporting Files */,
				84ADA7541613E204009200B8 /* BaseRecipe.h */,
				84ADA7551613E204009200B8 /* BaseRecipe.m */,
				84ADA7571613E22C009200B8 /* CookieFactory.h */,
				84ADA7581613E22C009200B8 /* CookieFactory.m */,
				84ADA76E1613E928009200B8 /* ChocolateChip.h */,
				84ADA76F1613E928009200B8 /* ChocolateChip.m */,
			);
			path = weekOne;
			sourceTree = "<group>";
		};
		84ADA73A1613E19C009200B8 /* Supporting Files */ = {
			isa = PBXGroup;
			children = (
				84ADA73B1613E19C009200B8 /* weekOne-Info.plist */,
				84ADA73C1613E19C009200B8 /* InfoPlist.strings */,
				84ADA73F1613E19C009200B8 /* main.m */,
				84ADA7411613E19C009200B8 /* weekOne-Prefix.pch */,
			);
			name = "Supporting Files";
			sourceTree = "<group>";
		};
/* End PBXGroup section */

/* Begin PBXNativeTarget section */
		84ADA72E1613E19C009200B8 /* weekOne */ = {
			isa = PBXNativeTarget;
			buildConfigurationList = 84ADA74D1613E19D009200B8 /* Build configuration list for PBXNativeTarget "weekOne" */;
			buildPhases = (
				84ADA72B1613E19C009200B8 /* Sources */,
				84ADA72C1613E19C009200B8 /* Frameworks */,
				84ADA72D1613E19C009200B8 /* Resources */,
			);
			buildRules = (
			);
			dependencies = (
			);
			name = weekOne;
			productName = weekOne;
			productReference = 84ADA72F1613E19C009200B8 /* weekOne.app */;
			productType = "com.apple.product-type.application";
		};
/* End PBXNativeTarget section */

/* Begin PBXProject section */
		84ADA7261613E19C009200B8 /* Project object */ = {
			isa = PBXProject;
			attributes = {
				LastUpgradeCheck = 0430;
				ORGANIZATIONNAME = "Lucy Hutcheson";
			};
			buildConfigurationList = 84ADA7291613E19C009200B8 /* Build configuration list for PBXProject "weekOne" */;
			compatibilityVersion = "Xcode 3.2";
			developmentRegion = English;
			hasScannedForEncodings = 0;
			knownRegions = (
				en,
			);
			mainGroup = 84ADA7241613E19C009200B8;
			productRefGroup = 84ADA7301613E19C009200B8 /* Products */;
			projectDirPath = "";
			projectRoot = "";
			targets = (
				84ADA72E1613E19C009200B8 /* weekOne */,
			);
		};
/* End PBXProject section */

/* Begin PBXResourcesBuildPhase section */
		84ADA72D1613E19C009200B8 /* Resources */ = {
			isa = PBXResourcesBuildPhase;
			buildActionMask = 2147483647;
			files = (
				84ADA73E1613E19C009200B8 /* InfoPlist.strings in Resources */,
				84ADA74A1613E19D009200B8 /* ViewController.xib in Resources */,
			);
			runOnlyForDeploymentPostprocessing = 0;
		};
/* End PBXResourcesBuildPhase section */

/* Begin PBXSourcesBuildPhase section */
		84ADA72B1613E19C009200B8 /* Sources */ = {
			isa = PBXSourcesBuildPhase;
			buildActionMask = 2147483647;
			files = (
				84ADA7401613E19C009200B8 /* main.m in Sources */,
				84ADA7441613E19C009200B8 /* AppDelegate.m in Sources */,
				84ADA7471613E19C009200B8 /* ViewController.m in Sources */,
				84ADA7561613E204009200B8 /* BaseRecipe.m in Sources */,
				84ADA7591613E22C009200B8 /* CookieFactory.m in Sources */,
				84ADA7701613E928009200B8 /* ChocolateChip.m in Sources */,
			);
			runOnlyForDeploymentPostprocessing = 0;
		};
/* End PBXSourcesBuildPhase section */

/* Begin PBXVariantGroup section */
		84ADA73C1613E19C009200B8 /* InfoPlist.strings */ = {
			isa = PBXVariantGroup;
			children = (
				84ADA73D1613E19C009200B8 /* en */,
			);
			name = InfoPlist.strings;
			sourceTree = "<group>";
		};
		84ADA7481613E19D009200B8 /* ViewController.xib */ = {
			isa = PBXVariantGroup;
			children = (
				84ADA7491613E19D009200B8 /* en */,
			);
			name = ViewController.xib;
			sourceTree = "<group>";
		};
/* End PBXVariantGroup section */

/* Begin XCBuildConfiguration section */
		84ADA74B1613E19D009200B8 /* Debug */ = {
			isa = XCBuildConfiguration;
			buildSettings = {
				ALWAYS_SEARCH_USER_PATHS = NO;
				ARCHS = "$(ARCHS_STANDARD_32_BIT)";
				"CODE_SIGN_IDENTITY[sdk=iphoneos*]" = "iPhone Developer";
				COPY_PHASE_STRIP = NO;
				GCC_C_LANGUAGE_STANDARD = gnu99;
				GCC_DYNAMIC_NO_PIC = NO;
				GCC_OPTIMIZATION_LEVEL = 0;
				GCC_PREPROCESSOR_DEFINITIONS = (
					"DEBUG=1",
					"$(inherited)",
				);
				GCC_SYMBOLS_PRIVATE_EXTERN = NO;
				GCC_VERSION = com.apple.compilers.llvm.clang.1_0;
				GCC_WARN_ABOUT_RETURN_TYPE = YES;
				GCC_WARN_UNINITIALIZED_AUTOS = YES;
				GCC_WARN_UNUSED_VARIABLE = YES;
				IPHONEOS_DEPLOYMENT_TARGET = 5.1;
				SDKROOT = iphoneos;
			};
			name = Debug;
		};
		84ADA74C1613E19D009200B8 /* Release */ = {
			isa = XCBuildConfiguration;
			buildSettings = {
				ALWAYS_SEARCH_USER_PATHS = NO;
				ARCHS = "$(ARCHS_STANDARD_32_BIT)";
				"CODE_SIGN_IDENTITY[sdk=iphoneos*]" = "iPhone Developer";
				COPY_PHASE_STRIP = YES;
				GCC_C_LANGUAGE_STANDARD = gnu99;
				GCC_VERSION = com.apple.compilers.llvm.clang.1_0;
				GCC_WARN_ABOUT_RETURN_TYPE = YES;
				GCC_WARN_UNINITIALIZED_AUTOS = YES;
				GCC_WARN_UNUSED_VARIABLE = YES;
				IPHONEOS_DEPLOYMENT_TARGET = 5.1;
				OTHER_CFLAGS = "-DNS_BLOCK_ASSERTIONS=1";
				SDKROOT = iphoneos;
				VALIDATE_PRODUCT = YES;
			};
			name = Release;
		};
		84ADA74E1613E19D009200B8 /* Debug */ = {
			isa = XCBuildConfiguration;
			buildSettings = {
				GCC_PRECOMPILE_PREFIX_HEADER = YES;
				GCC_PREFIX_HEADER = "weekOne/weekOne-Prefix.pch";
				INFOPLIST_FILE = "weekOne/weekOne-Info.plist";
				PRODUCT_NAME = "$(TARGET_NAME)";
				WRAPPER_EXTENSION = app;
			};
			name = Debug;
		};
		84ADA74F1613E19D009200B8 /* Release */ = {
			isa = XCBuildConfiguration;
			buildSettings = {
				GCC_PRECOMPILE_PREFIX_HEADER = YES;
				GCC_PREFIX_HEADER = "weekOne/weekOne-Prefix.pch";
				INFOPLIST_FILE = "weekOne/weekOne-Info.plist";
				PRODUCT_NAME = "$(TARGET_NAME)";
				WRAPPER_EXTENSION = app;
			};
			name = Release;
		};
/* End XCBuildConfiguration section */

/* Begin XCConfigurationList section */
		84ADA7291613E19C009200B8 /* Build configuration list for PBXProject "weekOne" */ = {
			isa = XCConfigurationList;
			buildConfigurations = (
				84ADA74B1613E19D009200B8 /* Debug */,
				84ADA74C1613E19D009200B8 /* Release */,
			);
			defaultConfigurationIsVisible = 0;
			defaultConfigurationName = Release;
		};
		84ADA74D1613E19D009200B8 /* Build configuration list for PBXNativeTarget "weekOne" */ = {
			isa = XCConfigurationList;
			buildConfigurations = (
				84ADA74E1613E19D009200B8 /* Debug */,
				84ADA74F1613E19D009200B8 /* Release */,
			);
			defaultConfigurationIsVisible = 0;
		};
/* End XCConfigurationList section */
	};
	rootObject = 84ADA7261613E19C009200B8 /* Project object */;
}
