// !$*UTF8*$!
{
	archiveVersion = 1;
	classes = {
	};
	objectVersion = 46;
	objects = {

/* Begin PBXBuildFile section */
		842EA3AA1623B06E00BB3445 /* UIKit.framework in Frameworks */ = {isa = PBXBuildFile; fileRef = 842EA3A91623B06E00BB3445 /* UIKit.framework */; };
		842EA3AC1623B06E00BB3445 /* Foundation.framework in Frameworks */ = {isa = PBXBuildFile; fileRef = 842EA3AB1623B06E00BB3445 /* Foundation.framework */; };
		842EA3AE1623B06E00BB3445 /* CoreGraphics.framework in Frameworks */ = {isa = PBXBuildFile; fileRef = 842EA3AD1623B06E00BB3445 /* CoreGraphics.framework */; };
		842EA3B41623B06E00BB3445 /* InfoPlist.strings in Resources */ = {isa = PBXBuildFile; fileRef = 842EA3B21623B06E00BB3445 /* InfoPlist.strings */; };
		842EA3B61623B06E00BB3445 /* main.m in Sources */ = {isa = PBXBuildFile; fileRef = 842EA3B51623B06E00BB3445 /* main.m */; };
		842EA3BA1623B06E00BB3445 /* AppDelegate.m in Sources */ = {isa = PBXBuildFile; fileRef = 842EA3B91623B06E00BB3445 /* AppDelegate.m */; };
		842EA3BC1623B06E00BB3445 /* Default.png in Resources */ = {isa = PBXBuildFile; fileRef = 842EA3BB1623B06E00BB3445 /* Default.png */; };
		842EA3BE1623B06E00BB3445 /* Default@2x.png in Resources */ = {isa = PBXBuildFile; fileRef = 842EA3BD1623B06E00BB3445 /* Default@2x.png */; };
		842EA3C01623B06E00BB3445 /* Default-568h@2x.png in Resources */ = {isa = PBXBuildFile; fileRef = 842EA3BF1623B06E00BB3445 /* Default-568h@2x.png */; };
		842EA3C31623B06E00BB3445 /* ViewController.m in Sources */ = {isa = PBXBuildFile; fileRef = 842EA3C21623B06E00BB3445 /* ViewController.m */; };
		842EA3C61623B06E00BB3445 /* ViewController.xib in Resources */ = {isa = PBXBuildFile; fileRef = 842EA3C41623B06E00BB3445 /* ViewController.xib */; };
/* End PBXBuildFile section */

/* Begin PBXFileReference section */
		842EA3A51623B06E00BB3445 /* weekThree.app */ = {isa = PBXFileReference; explicitFileType = wrapper.application; includeInIndex = 0; path = weekThree.app; sourceTree = BUILT_PRODUCTS_DIR; };
		842EA3A91623B06E00BB3445 /* UIKit.framework */ = {isa = PBXFileReference; lastKnownFileType = wrapper.framework; name = UIKit.framework; path = System/Library/Frameworks/UIKit.framework; sourceTree = SDKROOT; };
		842EA3AB1623B06E00BB3445 /* Foundation.framework */ = {isa = PBXFileReference; lastKnownFileType = wrapper.framework; name = Foundation.framework; path = System/Library/Frameworks/Foundation.framework; sourceTree = SDKROOT; };
		842EA3AD1623B06E00BB3445 /* CoreGraphics.framework */ = {isa = PBXFileReference; lastKnownFileType = wrapper.framework; name = CoreGraphics.framework; path = System/Library/Frameworks/CoreGraphics.framework; sourceTree = SDKROOT; };
		842EA3B11623B06E00BB3445 /* weekThree-Info.plist */ = {isa = PBXFileReference; lastKnownFileType = text.plist.xml; path = "weekThree-Info.plist"; sourceTree = "<group>"; };
		842EA3B31623B06E00BB3445 /* en */ = {isa = PBXFileReference; lastKnownFileType = text.plist.strings; name = en; path = en.lproj/InfoPlist.strings; sourceTree = "<group>"; };
		842EA3B51623B06E00BB3445 /* main.m */ = {isa = PBXFileReference; lastKnownFileType = sourcecode.c.objc; path = main.m; sourceTree = "<group>"; };
		842EA3B71623B06E00BB3445 /* weekThree-Prefix.pch */ = {isa = PBXFileReference; lastKnownFileType = sourcecode.c.h; path = "weekThree-Prefix.pch"; sourceTree = "<group>"; };
		842EA3B81623B06E00BB3445 /* AppDelegate.h */ = {isa = PBXFileReference; lastKnownFileType = sourcecode.c.h; path = AppDelegate.h; sourceTree = "<group>"; };
		842EA3B91623B06E00BB3445 /* AppDelegate.m */ = {isa = PBXFileReference; lastKnownFileType = sourcecode.c.objc; path = AppDelegate.m; sourceTree = "<group>"; };
		842EA3BB1623B06E00BB3445 /* Default.png */ = {isa = PBXFileReference; lastKnownFileType = image.png; path = Default.png; sourceTree = "<group>"; };
		842EA3BD1623B06E00BB3445 /* Default@2x.png */ = {isa = PBXFileReference; lastKnownFileType = image.png; path = "Default@2x.png"; sourceTree = "<group>"; };
		842EA3BF1623B06E00BB3445 /* Default-568h@2x.png */ = {isa = PBXFileReference; lastKnownFileType = image.png; path = "Default-568h@2x.png"; sourceTree = "<group>"; };
		842EA3C11623B06E00BB3445 /* ViewController.h */ = {isa = PBXFileReference; lastKnownFileType = sourcecode.c.h; path = ViewController.h; sourceTree = "<group>"; };
		842EA3C21623B06E00BB3445 /* ViewController.m */ = {isa = PBXFileReference; lastKnownFileType = sourcecode.c.objc; path = ViewController.m; sourceTree = "<group>"; };
		842EA3C51623B06E00BB3445 /* en */ = {isa = PBXFileReference; lastKnownFileType = file.xib; name = en; path = en.lproj/ViewController.xib; sourceTree = "<group>"; };
/* End PBXFileReference section */

/* Begin PBXFrameworksBuildPhase section */
		842EA3A21623B06E00BB3445 /* Frameworks */ = {
			isa = PBXFrameworksBuildPhase;
			buildActionMask = 2147483647;
			files = (
				842EA3AA1623B06E00BB3445 /* UIKit.framework in Frameworks */,
				842EA3AC1623B06E00BB3445 /* Foundation.framework in Frameworks */,
				842EA3AE1623B06E00BB3445 /* CoreGraphics.framework in Frameworks */,
			);
			runOnlyForDeploymentPostprocessing = 0;
		};
/* End PBXFrameworksBuildPhase section */

/* Begin PBXGroup section */
		842EA39A1623B06E00BB3445 = {
			isa = PBXGroup;
			children = (
				842EA3AF1623B06E00BB3445 /* weekThree */,
				842EA3A81623B06E00BB3445 /* Frameworks */,
				842EA3A61623B06E00BB3445 /* Products */,
			);
			sourceTree = "<group>";
		};
		842EA3A61623B06E00BB3445 /* Products */ = {
			isa = PBXGroup;
			children = (
				842EA3A51623B06E00BB3445 /* weekThree.app */,
			);
			name = Products;
			sourceTree = "<group>";
		};
		842EA3A81623B06E00BB3445 /* Frameworks */ = {
			isa = PBXGroup;
			children = (
				842EA3A91623B06E00BB3445 /* UIKit.framework */,
				842EA3AB1623B06E00BB3445 /* Foundation.framework */,
				842EA3AD1623B06E00BB3445 /* CoreGraphics.framework */,
			);
			name = Frameworks;
			sourceTree = "<group>";
		};
		842EA3AF1623B06E00BB3445 /* weekThree */ = {
			isa = PBXGroup;
			children = (
				842EA3B81623B06E00BB3445 /* AppDelegate.h */,
				842EA3B91623B06E00BB3445 /* AppDelegate.m */,
				842EA3C11623B06E00BB3445 /* ViewController.h */,
				842EA3C21623B06E00BB3445 /* ViewController.m */,
				842EA3C41623B06E00BB3445 /* ViewController.xib */,
				842EA3B01623B06E00BB3445 /* Supporting Files */,
			);
			path = weekThree;
			sourceTree = "<group>";
		};
		842EA3B01623B06E00BB3445 /* Supporting Files */ = {
			isa = PBXGroup;
			children = (
				842EA3B11623B06E00BB3445 /* weekThree-Info.plist */,
				842EA3B21623B06E00BB3445 /* InfoPlist.strings */,
				842EA3B51623B06E00BB3445 /* main.m */,
				842EA3B71623B06E00BB3445 /* weekThree-Prefix.pch */,
				842EA3BB1623B06E00BB3445 /* Default.png */,
				842EA3BD1623B06E00BB3445 /* Default@2x.png */,
				842EA3BF1623B06E00BB3445 /* Default-568h@2x.png */,
			);
			name = "Supporting Files";
			sourceTree = "<group>";
		};
/* End PBXGroup section */

/* Begin PBXNativeTarget section */
		842EA3A41623B06E00BB3445 /* weekThree */ = {
			isa = PBXNativeTarget;
			buildConfigurationList = 842EA3C91623B06E00BB3445 /* Build configuration list for PBXNativeTarget "weekThree" */;
			buildPhases = (
				842EA3A11623B06E00BB3445 /* Sources */,
				842EA3A21623B06E00BB3445 /* Frameworks */,
				842EA3A31623B06E00BB3445 /* Resources */,
			);
			buildRules = (
			);
			dependencies = (
			);
			name = weekThree;
			productName = weekThree;
			productReference = 842EA3A51623B06E00BB3445 /* weekThree.app */;
			productType = "com.apple.product-type.application";
		};
/* End PBXNativeTarget section */

/* Begin PBXProject section */
		842EA39C1623B06E00BB3445 /* Project object */ = {
			isa = PBXProject;
			attributes = {
				LastUpgradeCheck = 0450;
				ORGANIZATIONNAME = "Lucy Hutcheson";
			};
			buildConfigurationList = 842EA39F1623B06E00BB3445 /* Build configuration list for PBXProject "weekThree" */;
			compatibilityVersion = "Xcode 3.2";
			developmentRegion = English;
			hasScannedForEncodings = 0;
			knownRegions = (
				en,
			);
			mainGroup = 842EA39A1623B06E00BB3445;
			productRefGroup = 842EA3A61623B06E00BB3445 /* Products */;
			projectDirPath = "";
			projectRoot = "";
			targets = (
				842EA3A41623B06E00BB3445 /* weekThree */,
			);
		};
/* End PBXProject section */

/* Begin PBXResourcesBuildPhase section */
		842EA3A31623B06E00BB3445 /* Resources */ = {
			isa = PBXResourcesBuildPhase;
			buildActionMask = 2147483647;
			files = (
				842EA3B41623B06E00BB3445 /* InfoPlist.strings in Resources */,
				842EA3BC1623B06E00BB3445 /* Default.png in Resources */,
				842EA3BE1623B06E00BB3445 /* Default@2x.png in Resources */,
				842EA3C01623B06E00BB3445 /* Default-568h@2x.png in Resources */,
				842EA3C61623B06E00BB3445 /* ViewController.xib in Resources */,
			);
			runOnlyForDeploymentPostprocessing = 0;
		};
/* End PBXResourcesBuildPhase section */

/* Begin PBXSourcesBuildPhase section */
		842EA3A11623B06E00BB3445 /* Sources */ = {
			isa = PBXSourcesBuildPhase;
			buildActionMask = 2147483647;
			files = (
				842EA3B61623B06E00BB3445 /* main.m in Sources */,
				842EA3BA1623B06E00BB3445 /* AppDelegate.m in Sources */,
				842EA3C31623B06E00BB3445 /* ViewController.m in Sources */,
			);
			runOnlyForDeploymentPostprocessing = 0;
		};
/* End PBXSourcesBuildPhase section */

/* Begin PBXVariantGroup section */
		842EA3B21623B06E00BB3445 /* InfoPlist.strings */ = {
			isa = PBXVariantGroup;
			children = (
				842EA3B31623B06E00BB3445 /* en */,
			);
			name = InfoPlist.strings;
			sourceTree = "<group>";
		};
		842EA3C41623B06E00BB3445 /* ViewController.xib */ = {
			isa = PBXVariantGroup;
			children = (
				842EA3C51623B06E00BB3445 /* en */,
			);
			name = ViewController.xib;
			sourceTree = "<group>";
		};
/* End PBXVariantGroup section */

/* Begin XCBuildConfiguration section */
		842EA3C71623B06E00BB3445 /* Debug */ = {
			isa = XCBuildConfiguration;
			buildSettings = {
				ALWAYS_SEARCH_USER_PATHS = NO;
				CLANG_CXX_LANGUAGE_STANDARD = "gnu++0x";
				CLANG_CXX_LIBRARY = "libc++";
				CLANG_WARN_EMPTY_BODY = YES;
				CLANG_WARN__DUPLICATE_METHOD_MATCH = YES;
				"CODE_SIGN_IDENTITY[sdk=iphoneos*]" = "iPhone Developer";
				COPY_PHASE_STRIP = NO;
				GCC_C_LANGUAGE_STANDARD = gnu99;
				GCC_DYNAMIC_NO_PIC = NO;
				GCC_OPTIMIZATION_LEVEL = 0;
				GCC_PREPROCESSOR_DEFINITIONS = (
					"DEBUG=1",
					"$(inherited)",
				);
				GCC_SYMBOLS_PRIVATE_EXTERN = NO;
				GCC_WARN_ABOUT_RETURN_TYPE = YES;
				GCC_WARN_UNINITIALIZED_AUTOS = YES;
				GCC_WARN_UNUSED_VARIABLE = YES;
				IPHONEOS_DEPLOYMENT_TARGET = 6.0;
				SDKROOT = iphoneos;
			};
			name = Debug;
		};
		842EA3C81623B06E00BB3445 /* Release */ = {
			isa = XCBuildConfiguration;
			buildSettings = {
				ALWAYS_SEARCH_USER_PATHS = NO;
				CLANG_CXX_LANGUAGE_STANDARD = "gnu++0x";
				CLANG_CXX_LIBRARY = "libc++";
				CLANG_WARN_EMPTY_BODY = YES;
				CLANG_WARN__DUPLICATE_METHOD_MATCH = YES;
				"CODE_SIGN_IDENTITY[sdk=iphoneos*]" = "iPhone Developer";
				COPY_PHASE_STRIP = YES;
				GCC_C_LANGUAGE_STANDARD = gnu99;
				GCC_WARN_ABOUT_RETURN_TYPE = YES;
				GCC_WARN_UNINITIALIZED_AUTOS = YES;
				GCC_WARN_UNUSED_VARIABLE = YES;
				IPHONEOS_DEPLOYMENT_TARGET = 6.0;
				OTHER_CFLAGS = "-DNS_BLOCK_ASSERTIONS=1";
				SDKROOT = iphoneos;
				VALIDATE_PRODUCT = YES;
			};
			name = Release;
		};
		842EA3CA1623B06E00BB3445 /* Debug */ = {
			isa = XCBuildConfiguration;
			buildSettings = {
				GCC_PRECOMPILE_PREFIX_HEADER = YES;
				GCC_PREFIX_HEADER = "weekThree/weekThree-Prefix.pch";
				INFOPLIST_FILE = "weekThree/weekThree-Info.plist";
				PRODUCT_NAME = "$(TARGET_NAME)";
				WRAPPER_EXTENSION = app;
			};
			name = Debug;
		};
		842EA3CB1623B06E00BB3445 /* Release */ = {
			isa = XCBuildConfiguration;
			buildSettings = {
				GCC_PRECOMPILE_PREFIX_HEADER = YES;
				GCC_PREFIX_HEADER = "weekThree/weekThree-Prefix.pch";
				INFOPLIST_FILE = "weekThree/weekThree-Info.plist";
				PRODUCT_NAME = "$(TARGET_NAME)";
				WRAPPER_EXTENSION = app;
			};
			name = Release;
		};
/* End XCBuildConfiguration section */

/* Begin XCConfigurationList section */
		842EA39F1623B06E00BB3445 /* Build configuration list for PBXProject "weekThree" */ = {
			isa = XCConfigurationList;
			buildConfigurations = (
				842EA3C71623B06E00BB3445 /* Debug */,
				842EA3C81623B06E00BB3445 /* Release */,
			);
			defaultConfigurationIsVisible = 0;
			defaultConfigurationName = Release;
		};
		842EA3C91623B06E00BB3445 /* Build configuration list for PBXNativeTarget "weekThree" */ = {
			isa = XCConfigurationList;
			buildConfigurations = (
				842EA3CA1623B06E00BB3445 /* Debug */,
				842EA3CB1623B06E00BB3445 /* Release */,
			);
			defaultConfigurationIsVisible = 0;
		};
/* End XCConfigurationList section */
	};
	rootObject = 842EA39C1623B06E00BB3445 /* Project object */;
}
