// !$*UTF8*$!
{
	archiveVersion = 1;
	classes = {
	};
	objectVersion = 46;
	objects = {

/* Begin PBXBuildFile section */
		84D8D23C159A271C0036D7F1 /* Foundation.framework in Frameworks */ = {isa = PBXBuildFile; fileRef = 84D8D23B159A271C0036D7F1 /* Foundation.framework */; };
		84D8D23E159A271C0036D7F1 /* UIKit.framework in Frameworks */ = {isa = PBXBuildFile; fileRef = 84D8D23D159A271C0036D7F1 /* UIKit.framework */; };
		84D8D240159A271C0036D7F1 /* CoreGraphics.framework in Frameworks */ = {isa = PBXBuildFile; fileRef = 84D8D23F159A271C0036D7F1 /* CoreGraphics.framework */; };
		84D8D242159A271C0036D7F1 /* AddressBook.framework in Frameworks */ = {isa = PBXBuildFile; fileRef = 84D8D241159A271C0036D7F1 /* AddressBook.framework */; };
		84D8D244159A271C0036D7F1 /* AddressBookUI.framework in Frameworks */ = {isa = PBXBuildFile; fileRef = 84D8D243159A271C0036D7F1 /* AddressBookUI.framework */; };
		84D8D246159A271C0036D7F1 /* AudioToolbox.framework in Frameworks */ = {isa = PBXBuildFile; fileRef = 84D8D245159A271C0036D7F1 /* AudioToolbox.framework */; };
		84D8D248159A271C0036D7F1 /* AVFoundation.framework in Frameworks */ = {isa = PBXBuildFile; fileRef = 84D8D247159A271C0036D7F1 /* AVFoundation.framework */; };
		84D8D24A159A271C0036D7F1 /* CoreLocation.framework in Frameworks */ = {isa = PBXBuildFile; fileRef = 84D8D249159A271C0036D7F1 /* CoreLocation.framework */; };
		84D8D24C159A271C0036D7F1 /* MediaPlayer.framework in Frameworks */ = {isa = PBXBuildFile; fileRef = 84D8D24B159A271C0036D7F1 /* MediaPlayer.framework */; };
		84D8D24E159A271C0036D7F1 /* QuartzCore.framework in Frameworks */ = {isa = PBXBuildFile; fileRef = 84D8D24D159A271C0036D7F1 /* QuartzCore.framework */; };
		84D8D250159A271C0036D7F1 /* SystemConfiguration.framework in Frameworks */ = {isa = PBXBuildFile; fileRef = 84D8D24F159A271C0036D7F1 /* SystemConfiguration.framework */; };
		84D8D252159A271C0036D7F1 /* MobileCoreServices.framework in Frameworks */ = {isa = PBXBuildFile; fileRef = 84D8D251159A271C0036D7F1 /* MobileCoreServices.framework */; };
		84D8D254159A271C0036D7F1 /* CoreMedia.framework in Frameworks */ = {isa = PBXBuildFile; fileRef = 84D8D253159A271C0036D7F1 /* CoreMedia.framework */; };
		84D8D25A159A271C0036D7F1 /* InfoPlist.strings in Resources */ = {isa = PBXBuildFile; fileRef = 84D8D258159A271C0036D7F1 /* InfoPlist.strings */; };
		84D8D25C159A271C0036D7F1 /* main.m in Sources */ = {isa = PBXBuildFile; fileRef = 84D8D25B159A271C0036D7F1 /* main.m */; };
		84D8D25F159A271C0036D7F1 /* Cordova.framework in Frameworks */ = {isa = PBXBuildFile; fileRef = 84D8D25E159A271C0036D7F1 /* Cordova.framework */; };
		84D8D264159A271C0036D7F1 /* Localizable.strings in Resources */ = {isa = PBXBuildFile; fileRef = 84D8D262159A271C0036D7F1 /* Localizable.strings */; };
		84D8D268159A271C0036D7F1 /* Localizable.strings in Resources */ = {isa = PBXBuildFile; fileRef = 84D8D266159A271C0036D7F1 /* Localizable.strings */; };
		84D8D26C159A271C0036D7F1 /* Localizable.strings in Resources */ = {isa = PBXBuildFile; fileRef = 84D8D26A159A271C0036D7F1 /* Localizable.strings */; };
		84D8D270159A271C0036D7F1 /* Localizable.strings in Resources */ = {isa = PBXBuildFile; fileRef = 84D8D26E159A271C0036D7F1 /* Localizable.strings */; };
		84D8D273159A271C0036D7F1 /* icon.png in Resources */ = {isa = PBXBuildFile; fileRef = 84D8D272159A271C0036D7F1 /* icon.png */; };
		84D8D275159A271C0036D7F1 /* icon@2x.png in Resources */ = {isa = PBXBuildFile; fileRef = 84D8D274159A271C0036D7F1 /* icon@2x.png */; };
		84D8D277159A271C0036D7F1 /* icon-72.png in Resources */ = {isa = PBXBuildFile; fileRef = 84D8D276159A271C0036D7F1 /* icon-72.png */; };
		84D8D27A159A271C0036D7F1 /* Default~iphone.png in Resources */ = {isa = PBXBuildFile; fileRef = 84D8D279159A271C0036D7F1 /* Default~iphone.png */; };
		84D8D27C159A271D0036D7F1 /* Default@2x~iphone.png in Resources */ = {isa = PBXBuildFile; fileRef = 84D8D27B159A271D0036D7F1 /* Default@2x~iphone.png */; };
		84D8D27E159A271D0036D7F1 /* Capture.bundle in Resources */ = {isa = PBXBuildFile; fileRef = 84D8D27D159A271D0036D7F1 /* Capture.bundle */; };
		84D8D280159A271D0036D7F1 /* Cordova.plist in Resources */ = {isa = PBXBuildFile; fileRef = 84D8D27F159A271D0036D7F1 /* Cordova.plist */; };
		84D8D284159A271D0036D7F1 /* AppDelegate.m in Sources */ = {isa = PBXBuildFile; fileRef = 84D8D283159A271D0036D7F1 /* AppDelegate.m */; };
		84D8D287159A271D0036D7F1 /* MainViewController.m in Sources */ = {isa = PBXBuildFile; fileRef = 84D8D286159A271D0036D7F1 /* MainViewController.m */; };
		84D8D289159A271D0036D7F1 /* MainViewController.xib in Resources */ = {isa = PBXBuildFile; fileRef = 84D8D288159A271D0036D7F1 /* MainViewController.xib */; };
		84D8D293159A2BF40036D7F1 /* www in Resources */ = {isa = PBXBuildFile; fileRef = 84D8D292159A2BF40036D7F1 /* www */; };
		84E68B5415BC910B00772AFA /* icon-144.png in Resources */ = {isa = PBXBuildFile; fileRef = 84E68B5315BC910B00772AFA /* icon-144.png */; };
/* End PBXBuildFile section */

/* Begin PBXFileReference section */
		84D8D237159A271C0036D7F1 /* Go Disciple.app */ = {isa = PBXFileReference; explicitFileType = wrapper.application; includeInIndex = 0; path = "Go Disciple.app"; sourceTree = BUILT_PRODUCTS_DIR; };
		84D8D23B159A271C0036D7F1 /* Foundation.framework */ = {isa = PBXFileReference; lastKnownFileType = wrapper.framework; name = Foundation.framework; path = System/Library/Frameworks/Foundation.framework; sourceTree = SDKROOT; };
		84D8D23D159A271C0036D7F1 /* UIKit.framework */ = {isa = PBXFileReference; lastKnownFileType = wrapper.framework; name = UIKit.framework; path = System/Library/Frameworks/UIKit.framework; sourceTree = SDKROOT; };
		84D8D23F159A271C0036D7F1 /* CoreGraphics.framework */ = {isa = PBXFileReference; lastKnownFileType = wrapper.framework; name = CoreGraphics.framework; path = System/Library/Frameworks/CoreGraphics.framework; sourceTree = SDKROOT; };
		84D8D241159A271C0036D7F1 /* AddressBook.framework */ = {isa = PBXFileReference; lastKnownFileType = wrapper.framework; name = AddressBook.framework; path = System/Library/Frameworks/AddressBook.framework; sourceTree = SDKROOT; };
		84D8D243159A271C0036D7F1 /* AddressBookUI.framework */ = {isa = PBXFileReference; lastKnownFileType = wrapper.framework; name = AddressBookUI.framework; path = System/Library/Frameworks/AddressBookUI.framework; sourceTree = SDKROOT; };
		84D8D245159A271C0036D7F1 /* AudioToolbox.framework */ = {isa = PBXFileReference; lastKnownFileType = wrapper.framework; name = AudioToolbox.framework; path = System/Library/Frameworks/AudioToolbox.framework; sourceTree = SDKROOT; };
		84D8D247159A271C0036D7F1 /* AVFoundation.framework */ = {isa = PBXFileReference; lastKnownFileType = wrapper.framework; name = AVFoundation.framework; path = System/Library/Frameworks/AVFoundation.framework; sourceTree = SDKROOT; };
		84D8D249159A271C0036D7F1 /* CoreLocation.framework */ = {isa = PBXFileReference; lastKnownFileType = wrapper.framework; name = CoreLocation.framework; path = System/Library/Frameworks/CoreLocation.framework; sourceTree = SDKROOT; };
		84D8D24B159A271C0036D7F1 /* MediaPlayer.framework */ = {isa = PBXFileReference; lastKnownFileType = wrapper.framework; name = MediaPlayer.framework; path = System/Library/Frameworks/MediaPlayer.framework; sourceTree = SDKROOT; };
		84D8D24D159A271C0036D7F1 /* QuartzCore.framework */ = {isa = PBXFileReference; lastKnownFileType = wrapper.framework; name = QuartzCore.framework; path = System/Library/Frameworks/QuartzCore.framework; sourceTree = SDKROOT; };
		84D8D24F159A271C0036D7F1 /* SystemConfiguration.framework */ = {isa = PBXFileReference; lastKnownFileType = wrapper.framework; name = SystemConfiguration.framework; path = System/Library/Frameworks/SystemConfiguration.framework; sourceTree = SDKROOT; };
		84D8D251159A271C0036D7F1 /* MobileCoreServices.framework */ = {isa = PBXFileReference; lastKnownFileType = wrapper.framework; name = MobileCoreServices.framework; path = System/Library/Frameworks/MobileCoreServices.framework; sourceTree = SDKROOT; };
		84D8D253159A271C0036D7F1 /* CoreMedia.framework */ = {isa = PBXFileReference; lastKnownFileType = wrapper.framework; name = CoreMedia.framework; path = System/Library/Frameworks/CoreMedia.framework; sourceTree = SDKROOT; };
		84D8D257159A271C0036D7F1 /* Go Disciple-Info.plist */ = {isa = PBXFileReference; lastKnownFileType = text.plist.xml; path = "Go Disciple-Info.plist"; sourceTree = "<group>"; };
		84D8D259159A271C0036D7F1 /* en */ = {isa = PBXFileReference; lastKnownFileType = text.plist.strings; name = en; path = en.lproj/InfoPlist.strings; sourceTree = "<group>"; };
		84D8D25B159A271C0036D7F1 /* main.m */ = {isa = PBXFileReference; lastKnownFileType = sourcecode.c.objc; path = main.m; sourceTree = "<group>"; };
		84D8D25D159A271C0036D7F1 /* Go Disciple-Prefix.pch */ = {isa = PBXFileReference; lastKnownFileType = sourcecode.c.h; path = "Go Disciple-Prefix.pch"; sourceTree = "<group>"; };
		84D8D25E159A271C0036D7F1 /* Cordova.framework */ = {isa = PBXFileReference; lastKnownFileType = wrapper.framework; name = Cordova.framework; path = /Users/Shared/Cordova/Frameworks/Cordova.framework; sourceTree = "<absolute>"; };
		84D8D263159A271C0036D7F1 /* en */ = {isa = PBXFileReference; lastKnownFileType = text.plist.strings; name = en; path = Resources/en.lproj/Localizable.strings; sourceTree = "<group>"; };
		84D8D267159A271C0036D7F1 /* es */ = {isa = PBXFileReference; lastKnownFileType = text.plist.strings; name = es; path = Resources/es.lproj/Localizable.strings; sourceTree = "<group>"; };
		84D8D26B159A271C0036D7F1 /* de */ = {isa = PBXFileReference; lastKnownFileType = text.plist.strings; name = de; path = Resources/de.lproj/Localizable.strings; sourceTree = "<group>"; };
		84D8D26F159A271C0036D7F1 /* se */ = {isa = PBXFileReference; lastKnownFileType = text.plist.strings; name = se; path = Resources/se.lproj/Localizable.strings; sourceTree = "<group>"; };
		84D8D272159A271C0036D7F1 /* icon.png */ = {isa = PBXFileReference; lastKnownFileType = image.png; name = icon.png; path = Resources/icons/icon.png; sourceTree = "<group>"; };
		84D8D274159A271C0036D7F1 /* icon@2x.png */ = {isa = PBXFileReference; lastKnownFileType = image.png; name = "icon@2x.png"; path = "Resources/icons/icon@2x.png"; sourceTree = "<group>"; };
		84D8D276159A271C0036D7F1 /* icon-72.png */ = {isa = PBXFileReference; lastKnownFileType = image.png; name = "icon-72.png"; path = "Resources/icons/icon-72.png"; sourceTree = "<group>"; };
		84D8D279159A271C0036D7F1 /* Default~iphone.png */ = {isa = PBXFileReference; lastKnownFileType = image.png; name = "Default~iphone.png"; path = "Resources/splash/Default~iphone.png"; sourceTree = "<group>"; };
		84D8D27B159A271D0036D7F1 /* Default@2x~iphone.png */ = {isa = PBXFileReference; lastKnownFileType = image.png; name = "Default@2x~iphone.png"; path = "Resources/splash/Default@2x~iphone.png"; sourceTree = "<group>"; };
		84D8D27D159A271D0036D7F1 /* Capture.bundle */ = {isa = PBXFileReference; lastKnownFileType = "wrapper.plug-in"; name = Capture.bundle; path = Resources/Capture.bundle; sourceTree = "<group>"; };
		84D8D27F159A271D0036D7F1 /* Cordova.plist */ = {isa = PBXFileReference; lastKnownFileType = text.plist.xml; path = Cordova.plist; sourceTree = "<group>"; };
		84D8D282159A271D0036D7F1 /* AppDelegate.h */ = {isa = PBXFileReference; lastKnownFileType = sourcecode.c.h; name = AppDelegate.h; path = Classes/AppDelegate.h; sourceTree = "<group>"; };
		84D8D283159A271D0036D7F1 /* AppDelegate.m */ = {isa = PBXFileReference; lastKnownFileType = sourcecode.c.objc; name = AppDelegate.m; path = Classes/AppDelegate.m; sourceTree = "<group>"; };
		84D8D285159A271D0036D7F1 /* MainViewController.h */ = {isa = PBXFileReference; lastKnownFileType = sourcecode.c.h; name = MainViewController.h; path = Classes/MainViewController.h; sourceTree = "<group>"; };
		84D8D286159A271D0036D7F1 /* MainViewController.m */ = {isa = PBXFileReference; lastKnownFileType = sourcecode.c.objc; name = MainViewController.m; path = Classes/MainViewController.m; sourceTree = "<group>"; };
		84D8D288159A271D0036D7F1 /* MainViewController.xib */ = {isa = PBXFileReference; lastKnownFileType = file.xib; name = MainViewController.xib; path = Classes/MainViewController.xib; sourceTree = "<group>"; };
		84D8D28B159A271D0036D7F1 /* README */ = {isa = PBXFileReference; lastKnownFileType = text; name = README; path = Plugins/README; sourceTree = "<group>"; };
		84D8D28C159A271D0036D7F1 /* verify.sh */ = {isa = PBXFileReference; lastKnownFileType = text.script.sh; path = verify.sh; sourceTree = "<group>"; };
		84D8D292159A2BF40036D7F1 /* www */ = {isa = PBXFileReference; lastKnownFileType = folder; path = www; sourceTree = "<group>"; };
		84E68B5315BC910B00772AFA /* icon-144.png */ = {isa = PBXFileReference; lastKnownFileType = image.png; name = "icon-144.png"; path = "../icon-144.png"; sourceTree = "<group>"; };
/* End PBXFileReference section */

/* Begin PBXFrameworksBuildPhase section */
		84D8D231159A271C0036D7F1 /* Frameworks */ = {
			isa = PBXFrameworksBuildPhase;
			buildActionMask = 2147483647;
			files = (
				84D8D23C159A271C0036D7F1 /* Foundation.framework in Frameworks */,
				84D8D23E159A271C0036D7F1 /* UIKit.framework in Frameworks */,
				84D8D240159A271C0036D7F1 /* CoreGraphics.framework in Frameworks */,
				84D8D242159A271C0036D7F1 /* AddressBook.framework in Frameworks */,
				84D8D244159A271C0036D7F1 /* AddressBookUI.framework in Frameworks */,
				84D8D246159A271C0036D7F1 /* AudioToolbox.framework in Frameworks */,
				84D8D248159A271C0036D7F1 /* AVFoundation.framework in Frameworks */,
				84D8D24A159A271C0036D7F1 /* CoreLocation.framework in Frameworks */,
				84D8D24C159A271C0036D7F1 /* MediaPlayer.framework in Frameworks */,
				84D8D24E159A271C0036D7F1 /* QuartzCore.framework in Frameworks */,
				84D8D250159A271C0036D7F1 /* SystemConfiguration.framework in Frameworks */,
				84D8D252159A271C0036D7F1 /* MobileCoreServices.framework in Frameworks */,
				84D8D254159A271C0036D7F1 /* CoreMedia.framework in Frameworks */,
				84D8D25F159A271C0036D7F1 /* Cordova.framework in Frameworks */,
			);
			runOnlyForDeploymentPostprocessing = 0;
		};
		84D8D234159A271C0036D7F1 /* Frameworks */ = {
			isa = PBXFrameworksBuildPhase;
			buildActionMask = 2147483647;
			files = (
			);
			runOnlyForDeploymentPostprocessing = 0;
		};
/* End PBXFrameworksBuildPhase section */

/* Begin PBXGroup section */
		84D8D229159A271B0036D7F1 = {
			isa = PBXGroup;
			children = (
				84D8D292159A2BF40036D7F1 /* www */,
				84D8D255159A271C0036D7F1 /* Go Disciple */,
				84D8D23A159A271C0036D7F1 /* Frameworks */,
				84D8D238159A271C0036D7F1 /* Products */,
			);
			sourceTree = "<group>";
		};
		84D8D238159A271C0036D7F1 /* Products */ = {
			isa = PBXGroup;
			children = (
				84D8D237159A271C0036D7F1 /* Go Disciple.app */,
			);
			name = Products;
			sourceTree = "<group>";
		};
		84D8D23A159A271C0036D7F1 /* Frameworks */ = {
			isa = PBXGroup;
			children = (
				84D8D23B159A271C0036D7F1 /* Foundation.framework */,
				84D8D23D159A271C0036D7F1 /* UIKit.framework */,
				84D8D23F159A271C0036D7F1 /* CoreGraphics.framework */,
				84D8D241159A271C0036D7F1 /* AddressBook.framework */,
				84D8D243159A271C0036D7F1 /* AddressBookUI.framework */,
				84D8D245159A271C0036D7F1 /* AudioToolbox.framework */,
				84D8D247159A271C0036D7F1 /* AVFoundation.framework */,
				84D8D249159A271C0036D7F1 /* CoreLocation.framework */,
				84D8D24B159A271C0036D7F1 /* MediaPlayer.framework */,
				84D8D24D159A271C0036D7F1 /* QuartzCore.framework */,
				84D8D24F159A271C0036D7F1 /* SystemConfiguration.framework */,
				84D8D251159A271C0036D7F1 /* MobileCoreServices.framework */,
				84D8D253159A271C0036D7F1 /* CoreMedia.framework */,
			);
			name = Frameworks;
			sourceTree = "<group>";
		};
		84D8D255159A271C0036D7F1 /* Go Disciple */ = {
			isa = PBXGroup;
			children = (
				84D8D25E159A271C0036D7F1 /* Cordova.framework */,
				84D8D260159A271C0036D7F1 /* Resources */,
				84D8D281159A271D0036D7F1 /* Classes */,
				84D8D28A159A271D0036D7F1 /* Plugins */,
				84D8D256159A271C0036D7F1 /* Supporting Files */,
			);
			path = "Go Disciple";
			sourceTree = "<group>";
		};
		84D8D256159A271C0036D7F1 /* Supporting Files */ = {
			isa = PBXGroup;
			children = (
				84D8D257159A271C0036D7F1 /* Go Disciple-Info.plist */,
				84D8D258159A271C0036D7F1 /* InfoPlist.strings */,
				84D8D25B159A271C0036D7F1 /* main.m */,
				84D8D25D159A271C0036D7F1 /* Go Disciple-Prefix.pch */,
				84D8D27F159A271D0036D7F1 /* Cordova.plist */,
				84D8D288159A271D0036D7F1 /* MainViewController.xib */,
				84D8D28C159A271D0036D7F1 /* verify.sh */,
			);
			name = "Supporting Files";
			sourceTree = "<group>";
		};
		84D8D260159A271C0036D7F1 /* Resources */ = {
			isa = PBXGroup;
			children = (
				84D8D27D159A271D0036D7F1 /* Capture.bundle */,
				84D8D261159A271C0036D7F1 /* en.lproj */,
				84D8D265159A271C0036D7F1 /* es.lproj */,
				84D8D269159A271C0036D7F1 /* de.lproj */,
				84D8D26D159A271C0036D7F1 /* se.lproj */,
				84D8D271159A271C0036D7F1 /* icons */,
				84D8D278159A271C0036D7F1 /* splash */,
			);
			name = Resources;
			sourceTree = "<group>";
		};
		84D8D261159A271C0036D7F1 /* en.lproj */ = {
			isa = PBXGroup;
			children = (
				84D8D262159A271C0036D7F1 /* Localizable.strings */,
			);
			name = en.lproj;
			sourceTree = "<group>";
		};
		84D8D265159A271C0036D7F1 /* es.lproj */ = {
			isa = PBXGroup;
			children = (
				84D8D266159A271C0036D7F1 /* Localizable.strings */,
			);
			name = es.lproj;
			sourceTree = "<group>";
		};
		84D8D269159A271C0036D7F1 /* de.lproj */ = {
			isa = PBXGroup;
			children = (
				84D8D26A159A271C0036D7F1 /* Localizable.strings */,
			);
			name = de.lproj;
			sourceTree = "<group>";
		};
		84D8D26D159A271C0036D7F1 /* se.lproj */ = {
			isa = PBXGroup;
			children = (
				84D8D26E159A271C0036D7F1 /* Localizable.strings */,
			);
			name = se.lproj;
			sourceTree = "<group>";
		};
		84D8D271159A271C0036D7F1 /* icons */ = {
			isa = PBXGroup;
			children = (
				84E68B5315BC910B00772AFA /* icon-144.png */,
				84D8D272159A271C0036D7F1 /* icon.png */,
				84D8D274159A271C0036D7F1 /* icon@2x.png */,
				84D8D276159A271C0036D7F1 /* icon-72.png */,
			);
			name = icons;
			sourceTree = "<group>";
		};
		84D8D278159A271C0036D7F1 /* splash */ = {
			isa = PBXGroup;
			children = (
				84D8D279159A271C0036D7F1 /* Default~iphone.png */,
				84D8D27B159A271D0036D7F1 /* Default@2x~iphone.png */,
			);
			name = splash;
			sourceTree = "<group>";
		};
		84D8D281159A271D0036D7F1 /* Classes */ = {
			isa = PBXGroup;
			children = (
				84D8D282159A271D0036D7F1 /* AppDelegate.h */,
				84D8D283159A271D0036D7F1 /* AppDelegate.m */,
				84D8D285159A271D0036D7F1 /* MainViewController.h */,
				84D8D286159A271D0036D7F1 /* MainViewController.m */,
			);
			name = Classes;
			sourceTree = "<group>";
		};
		84D8D28A159A271D0036D7F1 /* Plugins */ = {
			isa = PBXGroup;
			children = (
				84D8D28B159A271D0036D7F1 /* README */,
			);
			name = Plugins;
			sourceTree = "<group>";
		};
/* End PBXGroup section */

/* Begin PBXNativeTarget section */
		84D8D236159A271C0036D7F1 /* Go Disciple */ = {
			isa = PBXNativeTarget;
			buildConfigurationList = 84D8D28F159A271D0036D7F1 /* Build configuration list for PBXNativeTarget "Go Disciple" */;
			buildPhases = (
				84D8D230159A271C0036D7F1 /* Sources */,
				84D8D231159A271C0036D7F1 /* Frameworks */,
				84D8D232159A271C0036D7F1 /* Resources */,
				84D8D233159A271C0036D7F1 /* Sources */,
				84D8D234159A271C0036D7F1 /* Frameworks */,
				84D8D235159A271C0036D7F1 /* ShellScript */,
			);
			buildRules = (
			);
			dependencies = (
			);
			name = "Go Disciple";
			productName = "Go Disciple";
			productReference = 84D8D237159A271C0036D7F1 /* Go Disciple.app */;
			productType = "com.apple.product-type.application";
		};
/* End PBXNativeTarget section */

/* Begin PBXProject section */
		84D8D22B159A271B0036D7F1 /* Project object */ = {
			isa = PBXProject;
			attributes = {
				LastUpgradeCheck = 0430;
				ORGANIZATIONNAME = "";
			};
			buildConfigurationList = 84D8D22E159A271B0036D7F1 /* Build configuration list for PBXProject "Go Disciple" */;
			compatibilityVersion = "Xcode 3.2";
			developmentRegion = English;
			hasScannedForEncodings = 0;
			knownRegions = (
				en,
				es,
				de,
				se,
			);
			mainGroup = 84D8D229159A271B0036D7F1;
			productRefGroup = 84D8D238159A271C0036D7F1 /* Products */;
			projectDirPath = "";
			projectRoot = "";
			targets = (
				84D8D236159A271C0036D7F1 /* Go Disciple */,
			);
		};
/* End PBXProject section */

/* Begin PBXResourcesBuildPhase section */
		84D8D232159A271C0036D7F1 /* Resources */ = {
			isa = PBXResourcesBuildPhase;
			buildActionMask = 2147483647;
			files = (
				84D8D25A159A271C0036D7F1 /* InfoPlist.strings in Resources */,
				84D8D264159A271C0036D7F1 /* Localizable.strings in Resources */,
				84D8D268159A271C0036D7F1 /* Localizable.strings in Resources */,
				84D8D26C159A271C0036D7F1 /* Localizable.strings in Resources */,
				84D8D270159A271C0036D7F1 /* Localizable.strings in Resources */,
				84D8D273159A271C0036D7F1 /* icon.png in Resources */,
				84D8D275159A271C0036D7F1 /* icon@2x.png in Resources */,
				84D8D277159A271C0036D7F1 /* icon-72.png in Resources */,
				84D8D27A159A271C0036D7F1 /* Default~iphone.png in Resources */,
				84D8D27C159A271D0036D7F1 /* Default@2x~iphone.png in Resources */,
				84D8D27E159A271D0036D7F1 /* Capture.bundle in Resources */,
				84D8D280159A271D0036D7F1 /* Cordova.plist in Resources */,
				84D8D289159A271D0036D7F1 /* MainViewController.xib in Resources */,
				84D8D293159A2BF40036D7F1 /* www in Resources */,
				84E68B5415BC910B00772AFA /* icon-144.png in Resources */,
			);
			runOnlyForDeploymentPostprocessing = 0;
		};
/* End PBXResourcesBuildPhase section */

/* Begin PBXShellScriptBuildPhase section */
		84D8D235159A271C0036D7F1 /* ShellScript */ = {
			isa = PBXShellScriptBuildPhase;
			buildActionMask = 2147483647;
			files = (
			);
			inputPaths = (
			);
			outputPaths = (
			);
			runOnlyForDeploymentPostprocessing = 0;
			shellPath = /bin/bash;
			shellScript = "\n\t\t\t\t\t\t\t\tchmod 755 \"$PROJECT_DIR/$PROJECT_NAME/verify.sh\"\n\t\t\t\t\t\t\t\t\"$PROJECT_DIR/$PROJECT_NAME/verify.sh\"\n\t\t\t\t\t";
		};
/* End PBXShellScriptBuildPhase section */

/* Begin PBXSourcesBuildPhase section */
		84D8D230159A271C0036D7F1 /* Sources */ = {
			isa = PBXSourcesBuildPhase;
			buildActionMask = 2147483647;
			files = (
				84D8D25C159A271C0036D7F1 /* main.m in Sources */,
				84D8D284159A271D0036D7F1 /* AppDelegate.m in Sources */,
				84D8D287159A271D0036D7F1 /* MainViewController.m in Sources */,
			);
			runOnlyForDeploymentPostprocessing = 0;
		};
		84D8D233159A271C0036D7F1 /* Sources */ = {
			isa = PBXSourcesBuildPhase;
			buildActionMask = 2147483647;
			files = (
			);
			runOnlyForDeploymentPostprocessing = 0;
		};
/* End PBXSourcesBuildPhase section */

/* Begin PBXVariantGroup section */
		84D8D258159A271C0036D7F1 /* InfoPlist.strings */ = {
			isa = PBXVariantGroup;
			children = (
				84D8D259159A271C0036D7F1 /* en */,
			);
			name = InfoPlist.strings;
			sourceTree = "<group>";
		};
		84D8D262159A271C0036D7F1 /* Localizable.strings */ = {
			isa = PBXVariantGroup;
			children = (
				84D8D263159A271C0036D7F1 /* en */,
			);
			name = Localizable.strings;
			sourceTree = "<group>";
		};
		84D8D266159A271C0036D7F1 /* Localizable.strings */ = {
			isa = PBXVariantGroup;
			children = (
				84D8D267159A271C0036D7F1 /* es */,
			);
			name = Localizable.strings;
			sourceTree = "<group>";
		};
		84D8D26A159A271C0036D7F1 /* Localizable.strings */ = {
			isa = PBXVariantGroup;
			children = (
				84D8D26B159A271C0036D7F1 /* de */,
			);
			name = Localizable.strings;
			sourceTree = "<group>";
		};
		84D8D26E159A271C0036D7F1 /* Localizable.strings */ = {
			isa = PBXVariantGroup;
			children = (
				84D8D26F159A271C0036D7F1 /* se */,
			);
			name = Localizable.strings;
			sourceTree = "<group>";
		};
/* End PBXVariantGroup section */

/* Begin XCBuildConfiguration section */
		84D8D28D159A271D0036D7F1 /* Debug */ = {
			isa = XCBuildConfiguration;
			buildSettings = {
				ALWAYS_SEARCH_USER_PATHS = NO;
				ARCHS = (
					armv6,
					"$(ARCHS_STANDARD_32_BIT)",
				);
				CLANG_ENABLE_OBJC_ARC = NO;
				CODE_SIGN_IDENTITY = "iPhone Developer: FullSail University (6F3UW48DR6)";
				"CODE_SIGN_IDENTITY[sdk=iphoneos*]" = "iPhone Developer";
				COPY_PHASE_STRIP = NO;
				GCC_C_LANGUAGE_STANDARD = gnu99;
				GCC_DYNAMIC_NO_PIC = NO;
				GCC_OPTIMIZATION_LEVEL = 0;
				GCC_PREPROCESSOR_DEFINITIONS = (
					"DEBUG=1",
					"$(inherited)",
				);
				GCC_SYMBOLS_PRIVATE_EXTERN = NO;
				GCC_THUMB_SUPPORT = NO;
				GCC_VERSION = com.apple.compilers.llvm.clang.1_0;
				GCC_WARN_ABOUT_RETURN_TYPE = YES;
				GCC_WARN_UNINITIALIZED_AUTOS = YES;
				GCC_WARN_UNUSED_VARIABLE = YES;
				IPHONEOS_DEPLOYMENT_TARGET = 3.0;
				PROVISIONING_PROFILE = "";
				SDKROOT = iphoneos;
			};
			name = Debug;
		};
		84D8D28E159A271D0036D7F1 /* Release */ = {
			isa = XCBuildConfiguration;
			buildSettings = {
				ALWAYS_SEARCH_USER_PATHS = NO;
				ARCHS = (
					armv6,
					"$(ARCHS_STANDARD_32_BIT)",
				);
				CLANG_ENABLE_OBJC_ARC = NO;
				CODE_SIGN_IDENTITY = "iPhone Developer: FullSail University (6F3UW48DR6)";
				"CODE_SIGN_IDENTITY[sdk=iphoneos*]" = "iPhone Developer";
				COPY_PHASE_STRIP = YES;
				GCC_C_LANGUAGE_STANDARD = gnu99;
				GCC_THUMB_SUPPORT = NO;
				GCC_VERSION = com.apple.compilers.llvm.clang.1_0;
				GCC_WARN_ABOUT_RETURN_TYPE = YES;
				GCC_WARN_UNINITIALIZED_AUTOS = YES;
				GCC_WARN_UNUSED_VARIABLE = YES;
				IPHONEOS_DEPLOYMENT_TARGET = 3.0;
				PROVISIONING_PROFILE = "";
				SDKROOT = iphoneos;
				VALIDATE_PRODUCT = YES;
			};
			name = Release;
		};
		84D8D290159A271D0036D7F1 /* Debug */ = {
			isa = XCBuildConfiguration;
			buildSettings = {
				ALWAYS_SEARCH_USER_PATHS = YES;
				CODE_SIGN_IDENTITY = "iPhone Developer: FullSail University (6F3UW48DR6)";
				"CODE_SIGN_IDENTITY[sdk=iphoneos*]" = "iPhone Developer: FullSail University (6F3UW48DR6)";
				COPY_PHASE_STRIP = NO;
				FRAMEWORK_SEARCH_PATHS = /Users/Shared/Cordova/Frameworks;
				GCC_DYNAMIC_NO_PIC = NO;
				GCC_PRECOMPILE_PREFIX_HEADER = YES;
				GCC_PREFIX_HEADER = "Go Disciple/Go Disciple-Prefix.pch";
				GCC_PREPROCESSOR_DEFINITIONS = (
					"DEBUG=1,",
					"CORDOVA_FRAMEWORK=1",
				);
				GCC_THUMB_SUPPORT = NO;
				INFOPLIST_FILE = "Go Disciple/Go Disciple-Info.plist";
				OTHER_LDFLAGS = (
					"-weak_framework",
					UIKit,
					"-weak_framework",
					AVFoundation,
					"-weak_framework",
					CoreMedia,
					"-weak-lSystem",
				);
				PRODUCT_NAME = "$(TARGET_NAME)";
				PROVISIONING_PROFILE = "";
				"PROVISIONING_PROFILE[sdk=iphoneos*]" = "";
				TARGETED_DEVICE_FAMILY = "1,2";
				WRAPPER_EXTENSION = app;
			};
			name = Debug;
		};
		84D8D291159A271D0036D7F1 /* Release */ = {
			isa = XCBuildConfiguration;
			buildSettings = {
				ALWAYS_SEARCH_USER_PATHS = YES;
				CODE_SIGN_IDENTITY = "iPhone Developer: FullSail University (6F3UW48DR6)";
				"CODE_SIGN_IDENTITY[sdk=iphoneos*]" = "iPhone Developer: FullSail University (6F3UW48DR6)";
				COPY_PHASE_STRIP = YES;
				DEBUG_INFORMATION_FORMAT = "dwarf-with-dsym";
				FRAMEWORK_SEARCH_PATHS = /Users/Shared/Cordova/Frameworks;
				GCC_PRECOMPILE_PREFIX_HEADER = YES;
				GCC_PREFIX_HEADER = "Go Disciple/Go Disciple-Prefix.pch";
				GCC_PREPROCESSOR_DEFINITIONS = (
					"NDEBUG=1,",
					"CORDOVA_FRAMEWORK=1",
				);
				GCC_THUMB_SUPPORT = NO;
				INFOPLIST_FILE = "Go Disciple/Go Disciple-Info.plist";
				OTHER_LDFLAGS = (
					"-weak_framework",
					UIKit,
					"-weak_framework",
					AVFoundation,
					"-weak_framework",
					CoreMedia,
					"-weak-lSystem",
				);
				PRODUCT_NAME = "$(TARGET_NAME)";
				PROVISIONING_PROFILE = "";
				"PROVISIONING_PROFILE[sdk=iphoneos*]" = "";
				TARGETED_DEVICE_FAMILY = "1,2";
				VALIDATE_PRODUCT = YES;
				WRAPPER_EXTENSION = app;
			};
			name = Release;
		};
/* End XCBuildConfiguration section */

/* Begin XCConfigurationList section */
		84D8D22E159A271B0036D7F1 /* Build configuration list for PBXProject "Go Disciple" */ = {
			isa = XCConfigurationList;
			buildConfigurations = (
				84D8D28D159A271D0036D7F1 /* Debug */,
				84D8D28E159A271D0036D7F1 /* Release */,
			);
			defaultConfigurationIsVisible = 0;
			defaultConfigurationName = Release;
		};
		84D8D28F159A271D0036D7F1 /* Build configuration list for PBXNativeTarget "Go Disciple" */ = {
			isa = XCConfigurationList;
			buildConfigurations = (
				84D8D290159A271D0036D7F1 /* Debug */,
				84D8D291159A271D0036D7F1 /* Release */,
			);
			defaultConfigurationIsVisible = 0;
			defaultConfigurationName = Release;
		};
/* End XCConfigurationList section */
	};
	rootObject = 84D8D22B159A271B0036D7F1 /* Project object */;
}
